// !$*UTF8*$!
{
	archiveVersion = 1;
	classes = {
	};
	objectVersion = 46;
	objects = {

/* Begin PBXBuildFile section */
		41D1B8091AA1FDA900AB9092 /* splash 960.png in Resources */ = {isa = PBXBuildFile; fileRef = 41D1B8081AA1FDA900AB9092 /* splash 960.png */; };
		41D1B80B1AA1FDFA00AB9092 /* splash 1136.png in Resources */ = {isa = PBXBuildFile; fileRef = 41D1B80A1AA1FDFA00AB9092 /* splash 1136.png */; };
		41D1B80D1AA1FE2B00AB9092 /* splash 2208.png in Resources */ = {isa = PBXBuildFile; fileRef = 41D1B80C1AA1FE2B00AB9092 /* splash 2208.png */; };
		41D1B80F1AA1FE6600AB9092 /* splash 1334.png in Resources */ = {isa = PBXBuildFile; fileRef = 41D1B80E1AA1FE6600AB9092 /* splash 1334.png */; };
		41D1B8111AA1FE9000AB9092 /* splash 480.png in Resources */ = {isa = PBXBuildFile; fileRef = 41D1B8101AA1FE9000AB9092 /* splash 480.png */; };
		41FB7B621AA1E005007F2209 /* icon_100.png in Resources */ = {isa = PBXBuildFile; fileRef = 41FB7B581AA1E005007F2209 /* icon_100.png */; };
		41FB7B631AA1E005007F2209 /* icon_114.png in Resources */ = {isa = PBXBuildFile; fileRef = 41FB7B591AA1E005007F2209 /* icon_114.png */; };
		41FB7B641AA1E005007F2209 /* icon_120.png in Resources */ = {isa = PBXBuildFile; fileRef = 41FB7B5A1AA1E005007F2209 /* icon_120.png */; };
		41FB7B651AA1E005007F2209 /* icon_144.png in Resources */ = {isa = PBXBuildFile; fileRef = 41FB7B5B1AA1E005007F2209 /* icon_144.png */; };
		41FB7B661AA1E005007F2209 /* icon_29.png in Resources */ = {isa = PBXBuildFile; fileRef = 41FB7B5C1AA1E005007F2209 /* icon_29.png */; };
		41FB7B671AA1E005007F2209 /* icon_40.png in Resources */ = {isa = PBXBuildFile; fileRef = 41FB7B5D1AA1E005007F2209 /* icon_40.png */; };
		41FB7B681AA1E005007F2209 /* icon_57.png in Resources */ = {isa = PBXBuildFile; fileRef = 41FB7B5E1AA1E005007F2209 /* icon_57.png */; };
		41FB7B691AA1E005007F2209 /* icon_58.png in Resources */ = {isa = PBXBuildFile; fileRef = 41FB7B5F1AA1E005007F2209 /* icon_58.png */; };
		41FB7B6A1AA1E005007F2209 /* icon_72.png in Resources */ = {isa = PBXBuildFile; fileRef = 41FB7B601AA1E005007F2209 /* icon_72.png */; };
		41FB7B6B1AA1E005007F2209 /* icon_80.png in Resources */ = {isa = PBXBuildFile; fileRef = 41FB7B611AA1E005007F2209 /* icon_80.png */; };
		41FB7B6D1AA1E11E007F2209 /* icon_180.png in Resources */ = {isa = PBXBuildFile; fileRef = 41FB7B6C1AA1E11D007F2209 /* icon_180.png */; };
		41FB7B6F1AA1E19B007F2209 /* icon_87.png in Resources */ = {isa = PBXBuildFile; fileRef = 41FB7B6E1AA1E19B007F2209 /* icon_87.png */; };
		840A0A341A95C09D007AE009 /* logout@2x.png in Resources */ = {isa = PBXBuildFile; fileRef = 840A0A321A95C09D007AE009 /* logout@2x.png */; };
		840A0A3F1A9623DC007AE009 /* deviceContacts.png in Resources */ = {isa = PBXBuildFile; fileRef = 840A0A3D1A9623DC007AE009 /* deviceContacts.png */; };
		840A0A401A9623DC007AE009 /* devicecontacts@2x.png in Resources */ = {isa = PBXBuildFile; fileRef = 840A0A3E1A9623DC007AE009 /* devicecontacts@2x.png */; };
		840A0A431A96315A007AE009 /* crossButton.png in Resources */ = {isa = PBXBuildFile; fileRef = 840A0A411A96315A007AE009 /* crossButton.png */; };
		840A0A441A96315A007AE009 /* crossButton@2x.png in Resources */ = {isa = PBXBuildFile; fileRef = 840A0A421A96315A007AE009 /* crossButton@2x.png */; };
		840A0A461A965122007AE009 /* logout.png in Resources */ = {isa = PBXBuildFile; fileRef = 840A0A451A965122007AE009 /* logout.png */; };
		8414097B1A9F280400105103 /* CameraViewController.m in Sources */ = {isa = PBXBuildFile; fileRef = 841409601A9F280400105103 /* CameraViewController.m */; };
		8414097C1A9F280400105103 /* CaptureViewController.m in Sources */ = {isa = PBXBuildFile; fileRef = 841409631A9F280400105103 /* CaptureViewController.m */; };
		8414097D1A9F280400105103 /* ExtendedNavBarView.m in Sources */ = {isa = PBXBuildFile; fileRef = 841409661A9F280400105103 /* ExtendedNavBarView.m */; };
		8414097E1A9F280400105103 /* HomeViewController.m in Sources */ = {isa = PBXBuildFile; fileRef = 841409681A9F280400105103 /* HomeViewController.m */; };
		8414097F1A9F280400105103 /* LoginViewController.m in Sources */ = {isa = PBXBuildFile; fileRef = 8414096B1A9F280400105103 /* LoginViewController.m */; };
		841409801A9F280400105103 /* NewsViewController.m in Sources */ = {isa = PBXBuildFile; fileRef = 8414096E1A9F280400105103 /* NewsViewController.m */; };
		841409811A9F280400105103 /* PostViewController.m in Sources */ = {isa = PBXBuildFile; fileRef = 841409711A9F280400105103 /* PostViewController.m */; };
		841409821A9F280400105103 /* ProfileViewController.m in Sources */ = {isa = PBXBuildFile; fileRef = 841409741A9F280400105103 /* ProfileViewController.m */; };
		841409831A9F280400105103 /* SearchViewController.m in Sources */ = {isa = PBXBuildFile; fileRef = 841409771A9F280400105103 /* SearchViewController.m */; };
		841409841A9F280400105103 /* SignUpViewController.m in Sources */ = {isa = PBXBuildFile; fileRef = 8414097A1A9F280400105103 /* SignUpViewController.m */; };
		8414099E1A9F288F00105103 /* CollectionPosts.m in Sources */ = {isa = PBXBuildFile; fileRef = 841409881A9F288F00105103 /* CollectionPosts.m */; };
		8414099F1A9F288F00105103 /* CollectionPosts.xib in Resources */ = {isa = PBXBuildFile; fileRef = 841409891A9F288F00105103 /* CollectionPosts.xib */; };
		841409A01A9F288F00105103 /* HomeCell.m in Sources */ = {isa = PBXBuildFile; fileRef = 8414098C1A9F288F00105103 /* HomeCell.m */; };
		841409A11A9F288F00105103 /* HomeCell.xib in Resources */ = {isa = PBXBuildFile; fileRef = 8414098D1A9F288F00105103 /* HomeCell.xib */; };
		841409A21A9F288F00105103 /* InfoCell.m in Sources */ = {isa = PBXBuildFile; fileRef = 841409901A9F288F00105103 /* InfoCell.m */; };
		841409A31A9F288F00105103 /* InfoCell.xib in Resources */ = {isa = PBXBuildFile; fileRef = 841409911A9F288F00105103 /* InfoCell.xib */; };
		841409A41A9F288F00105103 /* SearchCollectionCell.m in Sources */ = {isa = PBXBuildFile; fileRef = 841409941A9F288F00105103 /* SearchCollectionCell.m */; };
		841409A51A9F288F00105103 /* SearchCollectionCell.xib in Resources */ = {isa = PBXBuildFile; fileRef = 841409951A9F288F00105103 /* SearchCollectionCell.xib */; };
		841409A61A9F288F00105103 /* UserCell.m in Sources */ = {isa = PBXBuildFile; fileRef = 841409981A9F288F00105103 /* UserCell.m */; };
		841409A71A9F288F00105103 /* UserCell.xib in Resources */ = {isa = PBXBuildFile; fileRef = 841409991A9F288F00105103 /* UserCell.xib */; };
		841409A81A9F288F00105103 /* UsersView.m in Sources */ = {isa = PBXBuildFile; fileRef = 8414099C1A9F288F00105103 /* UsersView.m */; };
		841409A91A9F288F00105103 /* UsersView.xib in Resources */ = {isa = PBXBuildFile; fileRef = 8414099D1A9F288F00105103 /* UsersView.xib */; };
		841409B51A9F28C500105103 /* DPTabbarController.m in Sources */ = {isa = PBXBuildFile; fileRef = 841409AC1A9F28C500105103 /* DPTabbarController.m */; };
		841409B61A9F28C500105103 /* DPTextField.m in Sources */ = {isa = PBXBuildFile; fileRef = 841409AF1A9F28C500105103 /* DPTextField.m */; };
		841409B71A9F28C500105103 /* IAPHelper.m in Sources */ = {isa = PBXBuildFile; fileRef = 841409B21A9F28C500105103 /* IAPHelper.m */; };
		841409B81A9F28C500105103 /* RageIAPHelper.m in Sources */ = {isa = PBXBuildFile; fileRef = 841409B41A9F28C500105103 /* RageIAPHelper.m */; };
		844759B41A822BE900650C13 /* cameraSel.png in Resources */ = {isa = PBXBuildFile; fileRef = 844759A01A822BE900650C13 /* cameraSel.png */; };
		844759B51A822BE900650C13 /* cameraSel@2x.png in Resources */ = {isa = PBXBuildFile; fileRef = 844759A11A822BE900650C13 /* cameraSel@2x.png */; };
		844759B61A822BE900650C13 /* cameraUnsel.png in Resources */ = {isa = PBXBuildFile; fileRef = 844759A21A822BE900650C13 /* cameraUnsel.png */; };
		844759B71A822BE900650C13 /* cameraUnsel@2x.png in Resources */ = {isa = PBXBuildFile; fileRef = 844759A31A822BE900650C13 /* cameraUnsel@2x.png */; };
		844759B81A822BE900650C13 /* heartSel.png in Resources */ = {isa = PBXBuildFile; fileRef = 844759A41A822BE900650C13 /* heartSel.png */; };
		844759B91A822BE900650C13 /* heartSel@2x.png in Resources */ = {isa = PBXBuildFile; fileRef = 844759A51A822BE900650C13 /* heartSel@2x.png */; };
		844759BA1A822BE900650C13 /* heartUnsel.png in Resources */ = {isa = PBXBuildFile; fileRef = 844759A61A822BE900650C13 /* heartUnsel.png */; };
		844759BB1A822BE900650C13 /* heartUnsel@2x.png in Resources */ = {isa = PBXBuildFile; fileRef = 844759A71A822BE900650C13 /* heartUnsel@2x.png */; };
		844759BC1A822BE900650C13 /* homeSel.png in Resources */ = {isa = PBXBuildFile; fileRef = 844759A81A822BE900650C13 /* homeSel.png */; };
		844759BD1A822BE900650C13 /* homeSel@2x.png in Resources */ = {isa = PBXBuildFile; fileRef = 844759A91A822BE900650C13 /* homeSel@2x.png */; };
		844759BE1A822BE900650C13 /* homeUnsel.png in Resources */ = {isa = PBXBuildFile; fileRef = 844759AA1A822BE900650C13 /* homeUnsel.png */; };
		844759BF1A822BE900650C13 /* homeUnsel@2x.png in Resources */ = {isa = PBXBuildFile; fileRef = 844759AB1A822BE900650C13 /* homeUnsel@2x.png */; };
		844759C01A822BE900650C13 /* searchSel.png in Resources */ = {isa = PBXBuildFile; fileRef = 844759AC1A822BE900650C13 /* searchSel.png */; };
		844759C11A822BE900650C13 /* searchSel@2x.png in Resources */ = {isa = PBXBuildFile; fileRef = 844759AD1A822BE900650C13 /* searchSel@2x.png */; };
		844759C21A822BE900650C13 /* searchUnsel.png in Resources */ = {isa = PBXBuildFile; fileRef = 844759AE1A822BE900650C13 /* searchUnsel.png */; };
		844759C31A822BE900650C13 /* searchUnsel@2x.png in Resources */ = {isa = PBXBuildFile; fileRef = 844759AF1A822BE900650C13 /* searchUnsel@2x.png */; };
		844759C41A822BE900650C13 /* userSel.png in Resources */ = {isa = PBXBuildFile; fileRef = 844759B01A822BE900650C13 /* userSel.png */; };
		844759C51A822BE900650C13 /* userSel@2x.png in Resources */ = {isa = PBXBuildFile; fileRef = 844759B11A822BE900650C13 /* userSel@2x.png */; };
		844759C61A822BE900650C13 /* userUnsel.png in Resources */ = {isa = PBXBuildFile; fileRef = 844759B21A822BE900650C13 /* userUnsel.png */; };
		844759C71A822BE900650C13 /* userUnsel@2x.png in Resources */ = {isa = PBXBuildFile; fileRef = 844759B31A822BE900650C13 /* userUnsel@2x.png */; };
		844759D01A8236F600650C13 /* day_clock_icon@2x.png in Resources */ = {isa = PBXBuildFile; fileRef = 844759C91A8236F600650C13 /* day_clock_icon@2x.png */; };
		844759D11A8236F600650C13 /* img_big.png in Resources */ = {isa = PBXBuildFile; fileRef = 844759CA1A8236F600650C13 /* img_big.png */; };
		844759D21A8236F600650C13 /* img_big@2x.png in Resources */ = {isa = PBXBuildFile; fileRef = 844759CB1A8236F600650C13 /* img_big@2x.png */; };
		844759D31A8236F600650C13 /* refresh_icon.png in Resources */ = {isa = PBXBuildFile; fileRef = 844759CC1A8236F600650C13 /* refresh_icon.png */; };
		844759D41A8236F600650C13 /* refresh_icon@2x.png in Resources */ = {isa = PBXBuildFile; fileRef = 844759CD1A8236F600650C13 /* refresh_icon@2x.png */; };
		844759D51A8236F600650C13 /* small_thumb.png in Resources */ = {isa = PBXBuildFile; fileRef = 844759CE1A8236F600650C13 /* small_thumb.png */; };
		844759D61A8236F600650C13 /* small_thumb@2x.png in Resources */ = {isa = PBXBuildFile; fileRef = 844759CF1A8236F600650C13 /* small_thumb@2x.png */; };
		844759D81A8237EC00650C13 /* day_clock_icon.png in Resources */ = {isa = PBXBuildFile; fileRef = 844759D71A8237EC00650C13 /* day_clock_icon.png */; };
		844759E41A824F2500650C13 /* blue_bg_cam.png in Resources */ = {isa = PBXBuildFile; fileRef = 844759DE1A824F2500650C13 /* blue_bg_cam.png */; };
		844759E51A824F2500650C13 /* blue_bg_cam@2x.png in Resources */ = {isa = PBXBuildFile; fileRef = 844759DF1A824F2500650C13 /* blue_bg_cam@2x.png */; };
		844759E61A824F2500650C13 /* main_img.png in Resources */ = {isa = PBXBuildFile; fileRef = 844759E01A824F2500650C13 /* main_img.png */; };
		844759E71A824F2500650C13 /* main_img@2x.png in Resources */ = {isa = PBXBuildFile; fileRef = 844759E11A824F2500650C13 /* main_img@2x.png */; };
		844759E81A824F2500650C13 /* movie_icon.png in Resources */ = {isa = PBXBuildFile; fileRef = 844759E21A824F2500650C13 /* movie_icon.png */; };
		844759E91A824F2500650C13 /* movie_icon@2x.png in Resources */ = {isa = PBXBuildFile; fileRef = 844759E31A824F2500650C13 /* movie_icon@2x.png */; };
		844759FC1A82602300650C13 /* camera_icon.png in Resources */ = {isa = PBXBuildFile; fileRef = 844759F21A82602300650C13 /* camera_icon.png */; };
		844759FD1A82602300650C13 /* camera_icon@2x.png in Resources */ = {isa = PBXBuildFile; fileRef = 844759F31A82602300650C13 /* camera_icon@2x.png */; };
		844759FE1A82602300650C13 /* cameraChange.png in Resources */ = {isa = PBXBuildFile; fileRef = 844759F41A82602300650C13 /* cameraChange.png */; };
		844759FF1A82602300650C13 /* cameraChange@2x.png in Resources */ = {isa = PBXBuildFile; fileRef = 844759F51A82602300650C13 /* cameraChange@2x.png */; };
		84475A001A82602300650C13 /* cross_icon.png in Resources */ = {isa = PBXBuildFile; fileRef = 844759F61A82602300650C13 /* cross_icon.png */; };
		84475A011A82602300650C13 /* cross_icon@2x.png in Resources */ = {isa = PBXBuildFile; fileRef = 844759F71A82602300650C13 /* cross_icon@2x.png */; };
		84475A021A82602300650C13 /* flashOff.png in Resources */ = {isa = PBXBuildFile; fileRef = 844759F81A82602300650C13 /* flashOff.png */; };
		84475A031A82602300650C13 /* flashOff@2x.png in Resources */ = {isa = PBXBuildFile; fileRef = 844759F91A82602300650C13 /* flashOff@2x.png */; };
		84475A041A82602300650C13 /* photo_icon.png in Resources */ = {isa = PBXBuildFile; fileRef = 844759FA1A82602300650C13 /* photo_icon.png */; };
		84475A051A82602300650C13 /* photo_icon@2x.png in Resources */ = {isa = PBXBuildFile; fileRef = 844759FB1A82602300650C13 /* photo_icon@2x.png */; };
		84475A081A826A8C00650C13 /* flashOn.png in Resources */ = {isa = PBXBuildFile; fileRef = 84475A061A826A8C00650C13 /* flashOn.png */; };
		84475A091A826A8C00650C13 /* flashOn@2x.png in Resources */ = {isa = PBXBuildFile; fileRef = 84475A071A826A8C00650C13 /* flashOn@2x.png */; };
		84475A111A8285FA00650C13 /* flower.jpg in Resources */ = {isa = PBXBuildFile; fileRef = 84475A101A8285F900650C13 /* flower.jpg */; };
		844821C41A7621D000CBF68A /* DPFunctions.m in Sources */ = {isa = PBXBuildFile; fileRef = 844821C31A7621D000CBF68A /* DPFunctions.m */; };
		844821DD1A76759800CBF68A /* Bolts.framework in Frameworks */ = {isa = PBXBuildFile; fileRef = 844821D81A76759800CBF68A /* Bolts.framework */; };
		844821DE1A76759800CBF68A /* Parse.framework in Frameworks */ = {isa = PBXBuildFile; fileRef = 844821D91A76759800CBF68A /* Parse.framework */; };
		844821DF1A76759800CBF68A /* ParseCrashReporting.framework in Frameworks */ = {isa = PBXBuildFile; fileRef = 844821DA1A76759800CBF68A /* ParseCrashReporting.framework */; };
		844821E01A76759800CBF68A /* ParseFacebookUtils.framework in Frameworks */ = {isa = PBXBuildFile; fileRef = 844821DB1A76759800CBF68A /* ParseFacebookUtils.framework */; };
		844821E11A76759800CBF68A /* ParseUI.framework in Frameworks */ = {isa = PBXBuildFile; fileRef = 844821DC1A76759800CBF68A /* ParseUI.framework */; };
		844821E41A76822000CBF68A /* txtFieldBack.png in Resources */ = {isa = PBXBuildFile; fileRef = 844821E21A76821F00CBF68A /* txtFieldBack.png */; };
		844821E51A76822000CBF68A /* txtFieldBack@2x.png in Resources */ = {isa = PBXBuildFile; fileRef = 844821E31A76822000CBF68A /* txtFieldBack@2x.png */; };
		844821E71A76A07200CBF68A /* AudioToolbox.framework in Frameworks */ = {isa = PBXBuildFile; fileRef = 844821E61A76A07200CBF68A /* AudioToolbox.framework */; };
		844821E91A76A07B00CBF68A /* CFNetwork.framework in Frameworks */ = {isa = PBXBuildFile; fileRef = 844821E81A76A07B00CBF68A /* CFNetwork.framework */; };
		844821EC1A76A08D00CBF68A /* CoreGraphics.framework in Frameworks */ = {isa = PBXBuildFile; fileRef = 844821EA1A76A08D00CBF68A /* CoreGraphics.framework */; };
		844821ED1A76A08D00CBF68A /* CoreLocation.framework in Frameworks */ = {isa = PBXBuildFile; fileRef = 844821EB1A76A08D00CBF68A /* CoreLocation.framework */; };
		844821EF1A76A09B00CBF68A /* MobileCoreServices.framework in Frameworks */ = {isa = PBXBuildFile; fileRef = 844821EE1A76A09B00CBF68A /* MobileCoreServices.framework */; };
		844821F61A76A0DC00CBF68A /* libsqlite3.dylib in Frameworks */ = {isa = PBXBuildFile; fileRef = 844821F01A76A0DC00CBF68A /* libsqlite3.dylib */; };
		844821F71A76A0DC00CBF68A /* libz.dylib in Frameworks */ = {isa = PBXBuildFile; fileRef = 844821F11A76A0DC00CBF68A /* libz.dylib */; };
		844821F81A76A0DC00CBF68A /* QuartzCore.framework in Frameworks */ = {isa = PBXBuildFile; fileRef = 844821F21A76A0DC00CBF68A /* QuartzCore.framework */; };
		844821F91A76A0DC00CBF68A /* Security.framework in Frameworks */ = {isa = PBXBuildFile; fileRef = 844821F31A76A0DC00CBF68A /* Security.framework */; };
		844821FA1A76A0DC00CBF68A /* StoreKit.framework in Frameworks */ = {isa = PBXBuildFile; fileRef = 844821F41A76A0DC00CBF68A /* StoreKit.framework */; };
		844821FB1A76A0DC00CBF68A /* SystemConfiguration.framework in Frameworks */ = {isa = PBXBuildFile; fileRef = 844821F51A76A0DC00CBF68A /* SystemConfiguration.framework */; };
		844821FF1A76B0A200CBF68A /* GMDCircleLoader.m in Sources */ = {isa = PBXBuildFile; fileRef = 844821FE1A76B0A200CBF68A /* GMDCircleLoader.m */; };
		845D286C1A70A7D70025FC21 /* bottom_line.png in Resources */ = {isa = PBXBuildFile; fileRef = 845D28461A70A7D70025FC21 /* bottom_line.png */; };
		845D286D1A70A7D70025FC21 /* bottom_line@2x.png in Resources */ = {isa = PBXBuildFile; fileRef = 845D28471A70A7D70025FC21 /* bottom_line@2x.png */; };
		845D286E1A70A7D70025FC21 /* lock_white.png in Resources */ = {isa = PBXBuildFile; fileRef = 845D28481A70A7D70025FC21 /* lock_white.png */; };
		845D286F1A70A7D70025FC21 /* lock_white@2x.png in Resources */ = {isa = PBXBuildFile; fileRef = 845D28491A70A7D70025FC21 /* lock_white@2x.png */; };
		845D28701A70A7D70025FC21 /* logo_login.png in Resources */ = {isa = PBXBuildFile; fileRef = 845D284A1A70A7D70025FC21 /* logo_login.png */; };
		845D28711A70A7D70025FC21 /* logo_login@2x.png in Resources */ = {isa = PBXBuildFile; fileRef = 845D284B1A70A7D70025FC21 /* logo_login@2x.png */; };
		845D28721A70A7D70025FC21 /* screen.jpg in Resources */ = {isa = PBXBuildFile; fileRef = 845D284C1A70A7D70025FC21 /* screen.jpg */; };
		845D28731A70A7D70025FC21 /* username.png in Resources */ = {isa = PBXBuildFile; fileRef = 845D284D1A70A7D70025FC21 /* username.png */; };
		845D28741A70A7D70025FC21 /* username@2x.png in Resources */ = {isa = PBXBuildFile; fileRef = 845D284E1A70A7D70025FC21 /* username@2x.png */; };
		845D28771A70A7D70025FC21 /* friends.png in Resources */ = {isa = PBXBuildFile; fileRef = 845D28521A70A7D70025FC21 /* friends.png */; };
		845D28781A70A7D70025FC21 /* friends@2x.png in Resources */ = {isa = PBXBuildFile; fileRef = 845D28531A70A7D70025FC21 /* friends@2x.png */; };
		845D28791A70A7D70025FC21 /* hobby.png in Resources */ = {isa = PBXBuildFile; fileRef = 845D28541A70A7D70025FC21 /* hobby.png */; };
		845D287A1A70A7D70025FC21 /* hobby@2x.png in Resources */ = {isa = PBXBuildFile; fileRef = 845D28551A70A7D70025FC21 /* hobby@2x.png */; };
		845D287E1A70A7D70025FC21 /* school@2x.png in Resources */ = {isa = PBXBuildFile; fileRef = 845D28591A70A7D70025FC21 /* school@2x.png */; };
		845D28801A70A7D70025FC21 /* work.png in Resources */ = {isa = PBXBuildFile; fileRef = 845D285B1A70A7D70025FC21 /* work.png */; };
		845D28811A70A7D70025FC21 /* work@2x.png in Resources */ = {isa = PBXBuildFile; fileRef = 845D285C1A70A7D70025FC21 /* work@2x.png */; };
		845D28821A70A7D70025FC21 /* blank_img.png in Resources */ = {isa = PBXBuildFile; fileRef = 845D285E1A70A7D70025FC21 /* blank_img.png */; };
		845D28831A70A7D70025FC21 /* blank_img@2x.png in Resources */ = {isa = PBXBuildFile; fileRef = 845D285F1A70A7D70025FC21 /* blank_img@2x.png */; };
		845D28841A70A7D70025FC21 /* email.png in Resources */ = {isa = PBXBuildFile; fileRef = 845D28601A70A7D70025FC21 /* email.png */; };
		845D28851A70A7D70025FC21 /* email@2x.png in Resources */ = {isa = PBXBuildFile; fileRef = 845D28611A70A7D70025FC21 /* email@2x.png */; };
		845D28861A70A7D70025FC21 /* grey_line.png in Resources */ = {isa = PBXBuildFile; fileRef = 845D28621A70A7D70025FC21 /* grey_line.png */; };
		845D28871A70A7D70025FC21 /* grey_line@2x.png in Resources */ = {isa = PBXBuildFile; fileRef = 845D28631A70A7D70025FC21 /* grey_line@2x.png */; };
		845D28881A70A7D70025FC21 /* password_grey.png in Resources */ = {isa = PBXBuildFile; fileRef = 845D28641A70A7D70025FC21 /* password_grey.png */; };
		845D28891A70A7D70025FC21 /* password_grey@2x.png in Resources */ = {isa = PBXBuildFile; fileRef = 845D28651A70A7D70025FC21 /* password_grey@2x.png */; };
		845D288A1A70A7D70025FC21 /* phone.png in Resources */ = {isa = PBXBuildFile; fileRef = 845D28661A70A7D70025FC21 /* phone.png */; };
		845D288B1A70A7D70025FC21 /* phone@2x.png in Resources */ = {isa = PBXBuildFile; fileRef = 845D28671A70A7D70025FC21 /* phone@2x.png */; };
		845D288C1A70A7D70025FC21 /* user_grey.png in Resources */ = {isa = PBXBuildFile; fileRef = 845D28681A70A7D70025FC21 /* user_grey.png */; };
		845D288D1A70A7D70025FC21 /* user_grey@2x.png in Resources */ = {isa = PBXBuildFile; fileRef = 845D28691A70A7D70025FC21 /* user_grey@2x.png */; };
		845D288E1A70A7D70025FC21 /* splash.png in Resources */ = {isa = PBXBuildFile; fileRef = 845D286A1A70A7D70025FC21 /* splash.png */; };
		845D288F1A70A7D70025FC21 /* splash@2x.png in Resources */ = {isa = PBXBuildFile; fileRef = 845D286B1A70A7D70025FC21 /* splash@2x.png */; };
		8465BE241A88AC09008A3AA7 /* placeholder.png in Resources */ = {isa = PBXBuildFile; fileRef = 8465BE221A88AC09008A3AA7 /* placeholder.png */; };
		8465BE251A88AC09008A3AA7 /* placeholder@2x.png in Resources */ = {isa = PBXBuildFile; fileRef = 8465BE231A88AC09008A3AA7 /* placeholder@2x.png */; };
		848513811A8E02BE00B94C8D /* pause.png in Resources */ = {isa = PBXBuildFile; fileRef = 8485137D1A8E02BE00B94C8D /* pause.png */; };
		848513821A8E02BE00B94C8D /* pause@2x.png in Resources */ = {isa = PBXBuildFile; fileRef = 8485137E1A8E02BE00B94C8D /* pause@2x.png */; };
		848513831A8E02BE00B94C8D /* play.png in Resources */ = {isa = PBXBuildFile; fileRef = 8485137F1A8E02BE00B94C8D /* play.png */; };
		848513841A8E02BE00B94C8D /* play@2x.png in Resources */ = {isa = PBXBuildFile; fileRef = 848513801A8E02BE00B94C8D /* play@2x.png */; };
		84C53CCE1A94C7AA000A117F /* 2minute.mov in Resources */ = {isa = PBXBuildFile; fileRef = 84C53CCD1A94C7AA000A117F /* 2minute.mov */; };
		84C9C8D41A8537F300814AEB /* captionback.png in Resources */ = {isa = PBXBuildFile; fileRef = 84C9C8D21A8537F300814AEB /* captionback.png */; };
		84C9C8D51A8537F300814AEB /* captionback@2x.png in Resources */ = {isa = PBXBuildFile; fileRef = 84C9C8D31A8537F300814AEB /* captionback@2x.png */; };
		84D7378A1A7759E30097B80E /* back_icon.png in Resources */ = {isa = PBXBuildFile; fileRef = 84D737881A7759E30097B80E /* back_icon.png */; };
		84D7378B1A7759E30097B80E /* back_icon@2x.png in Resources */ = {isa = PBXBuildFile; fileRef = 84D737891A7759E30097B80E /* back_icon@2x.png */; };
		84E348091A6D891C00FDAF4B /* main.m in Sources */ = {isa = PBXBuildFile; fileRef = 84E348081A6D891C00FDAF4B /* main.m */; };
		84E3480C1A6D891C00FDAF4B /* AppDelegate.m in Sources */ = {isa = PBXBuildFile; fileRef = 84E3480B1A6D891C00FDAF4B /* AppDelegate.m */; };
		84E348151A6D891C00FDAF4B /* Main.storyboard in Resources */ = {isa = PBXBuildFile; fileRef = 84E348131A6D891C00FDAF4B /* Main.storyboard */; };
		84E348171A6D891C00FDAF4B /* Images.xcassets in Resources */ = {isa = PBXBuildFile; fileRef = 84E348161A6D891C00FDAF4B /* Images.xcassets */; };
		84E3481A1A6D891C00FDAF4B /* LaunchScreen.xib in Resources */ = {isa = PBXBuildFile; fileRef = 84E348181A6D891C00FDAF4B /* LaunchScreen.xib */; };
		84E348261A6D891C00FDAF4B /* DonkPlanetTests.m in Sources */ = {isa = PBXBuildFile; fileRef = 84E348251A6D891C00FDAF4B /* DonkPlanetTests.m */; };
		84E348511A6D953A00FDAF4B /* Constants.m in Sources */ = {isa = PBXBuildFile; fileRef = 84E348501A6D953A00FDAF4B /* Constants.m */; };
		84FE34D71A8C9949003F7EF0 /* Pixel.png in Resources */ = {isa = PBXBuildFile; fileRef = 84FE34D51A8C9949003F7EF0 /* Pixel.png */; };
		84FE34D81A8C9949003F7EF0 /* TransparentPixel.png in Resources */ = {isa = PBXBuildFile; fileRef = 84FE34D61A8C9949003F7EF0 /* TransparentPixel.png */; };
		84FE34E61A8CD7C8003F7EF0 /* 1minute.mov in Resources */ = {isa = PBXBuildFile; fileRef = 84FE34E51A8CD7C8003F7EF0 /* 1minute.mov */; };
/* End PBXBuildFile section */

/* Begin PBXContainerItemProxy section */
		84E348201A6D891C00FDAF4B /* PBXContainerItemProxy */ = {
			isa = PBXContainerItemProxy;
			containerPortal = 84E347FB1A6D891B00FDAF4B /* Project object */;
			proxyType = 1;
			remoteGlobalIDString = 84E348021A6D891C00FDAF4B;
			remoteInfo = DonkPlanet;
		};
/* End PBXContainerItemProxy section */

/* Begin PBXFileReference section */
		41D1B8081AA1FDA900AB9092 /* splash 960.png */ = {isa = PBXFileReference; lastKnownFileType = image.png; path = "splash 960.png"; sourceTree = "<group>"; };
		41D1B80A1AA1FDFA00AB9092 /* splash 1136.png */ = {isa = PBXFileReference; lastKnownFileType = image.png; path = "splash 1136.png"; sourceTree = "<group>"; };
		41D1B80C1AA1FE2B00AB9092 /* splash 2208.png */ = {isa = PBXFileReference; lastKnownFileType = image.png; path = "splash 2208.png"; sourceTree = "<group>"; };
		41D1B80E1AA1FE6600AB9092 /* splash 1334.png */ = {isa = PBXFileReference; lastKnownFileType = image.png; path = "splash 1334.png"; sourceTree = "<group>"; };
		41D1B8101AA1FE9000AB9092 /* splash 480.png */ = {isa = PBXFileReference; lastKnownFileType = image.png; path = "splash 480.png"; sourceTree = "<group>"; };
		41FB7B581AA1E005007F2209 /* icon_100.png */ = {isa = PBXFileReference; lastKnownFileType = image.png; path = icon_100.png; sourceTree = "<group>"; };
		41FB7B591AA1E005007F2209 /* icon_114.png */ = {isa = PBXFileReference; lastKnownFileType = image.png; path = icon_114.png; sourceTree = "<group>"; };
		41FB7B5A1AA1E005007F2209 /* icon_120.png */ = {isa = PBXFileReference; lastKnownFileType = image.png; path = icon_120.png; sourceTree = "<group>"; };
		41FB7B5B1AA1E005007F2209 /* icon_144.png */ = {isa = PBXFileReference; lastKnownFileType = image.png; path = icon_144.png; sourceTree = "<group>"; };
		41FB7B5C1AA1E005007F2209 /* icon_29.png */ = {isa = PBXFileReference; lastKnownFileType = image.png; path = icon_29.png; sourceTree = "<group>"; };
		41FB7B5D1AA1E005007F2209 /* icon_40.png */ = {isa = PBXFileReference; lastKnownFileType = image.png; path = icon_40.png; sourceTree = "<group>"; };
		41FB7B5E1AA1E005007F2209 /* icon_57.png */ = {isa = PBXFileReference; lastKnownFileType = image.png; path = icon_57.png; sourceTree = "<group>"; };
		41FB7B5F1AA1E005007F2209 /* icon_58.png */ = {isa = PBXFileReference; lastKnownFileType = image.png; path = icon_58.png; sourceTree = "<group>"; };
		41FB7B601AA1E005007F2209 /* icon_72.png */ = {isa = PBXFileReference; lastKnownFileType = image.png; path = icon_72.png; sourceTree = "<group>"; };
		41FB7B611AA1E005007F2209 /* icon_80.png */ = {isa = PBXFileReference; lastKnownFileType = image.png; path = icon_80.png; sourceTree = "<group>"; };
		41FB7B6C1AA1E11D007F2209 /* icon_180.png */ = {isa = PBXFileReference; lastKnownFileType = image.png; path = icon_180.png; sourceTree = "<group>"; };
		41FB7B6E1AA1E19B007F2209 /* icon_87.png */ = {isa = PBXFileReference; lastKnownFileType = image.png; path = icon_87.png; sourceTree = "<group>"; };
		840A0A321A95C09D007AE009 /* logout@2x.png */ = {isa = PBXFileReference; lastKnownFileType = image.png; path = "logout@2x.png"; sourceTree = "<group>"; };
		840A0A3D1A9623DC007AE009 /* deviceContacts.png */ = {isa = PBXFileReference; lastKnownFileType = image.png; path = deviceContacts.png; sourceTree = "<group>"; };
		840A0A3E1A9623DC007AE009 /* devicecontacts@2x.png */ = {isa = PBXFileReference; lastKnownFileType = image.png; path = "devicecontacts@2x.png"; sourceTree = "<group>"; };
		840A0A411A96315A007AE009 /* crossButton.png */ = {isa = PBXFileReference; lastKnownFileType = image.png; path = crossButton.png; sourceTree = "<group>"; };
		840A0A421A96315A007AE009 /* crossButton@2x.png */ = {isa = PBXFileReference; lastKnownFileType = image.png; path = "crossButton@2x.png"; sourceTree = "<group>"; };
		840A0A451A965122007AE009 /* logout.png */ = {isa = PBXFileReference; lastKnownFileType = image.png; path = logout.png; sourceTree = "<group>"; };
		8414095F1A9F280400105103 /* CameraViewController.h */ = {isa = PBXFileReference; fileEncoding = 4; lastKnownFileType = sourcecode.c.h; path = CameraViewController.h; sourceTree = "<group>"; };
		841409601A9F280400105103 /* CameraViewController.m */ = {isa = PBXFileReference; fileEncoding = 4; lastKnownFileType = sourcecode.c.objc; path = CameraViewController.m; sourceTree = "<group>"; };
		841409621A9F280400105103 /* CaptureViewController.h */ = {isa = PBXFileReference; fileEncoding = 4; lastKnownFileType = sourcecode.c.h; path = CaptureViewController.h; sourceTree = "<group>"; };
		841409631A9F280400105103 /* CaptureViewController.m */ = {isa = PBXFileReference; fileEncoding = 4; lastKnownFileType = sourcecode.c.objc; path = CaptureViewController.m; sourceTree = "<group>"; };
		841409651A9F280400105103 /* ExtendedNavBarView.h */ = {isa = PBXFileReference; fileEncoding = 4; lastKnownFileType = sourcecode.c.h; path = ExtendedNavBarView.h; sourceTree = "<group>"; };
		841409661A9F280400105103 /* ExtendedNavBarView.m */ = {isa = PBXFileReference; fileEncoding = 4; lastKnownFileType = sourcecode.c.objc; path = ExtendedNavBarView.m; sourceTree = "<group>"; };
		841409671A9F280400105103 /* HomeViewController.h */ = {isa = PBXFileReference; fileEncoding = 4; lastKnownFileType = sourcecode.c.h; path = HomeViewController.h; sourceTree = "<group>"; };
		841409681A9F280400105103 /* HomeViewController.m */ = {isa = PBXFileReference; fileEncoding = 4; lastKnownFileType = sourcecode.c.objc; path = HomeViewController.m; sourceTree = "<group>"; };
		8414096A1A9F280400105103 /* LoginViewController.h */ = {isa = PBXFileReference; fileEncoding = 4; lastKnownFileType = sourcecode.c.h; path = LoginViewController.h; sourceTree = "<group>"; };
		8414096B1A9F280400105103 /* LoginViewController.m */ = {isa = PBXFileReference; fileEncoding = 4; lastKnownFileType = sourcecode.c.objc; path = LoginViewController.m; sourceTree = "<group>"; };
		8414096D1A9F280400105103 /* NewsViewController.h */ = {isa = PBXFileReference; fileEncoding = 4; lastKnownFileType = sourcecode.c.h; path = NewsViewController.h; sourceTree = "<group>"; };
		8414096E1A9F280400105103 /* NewsViewController.m */ = {isa = PBXFileReference; fileEncoding = 4; lastKnownFileType = sourcecode.c.objc; path = NewsViewController.m; sourceTree = "<group>"; };
		841409701A9F280400105103 /* PostViewController.h */ = {isa = PBXFileReference; fileEncoding = 4; lastKnownFileType = sourcecode.c.h; path = PostViewController.h; sourceTree = "<group>"; };
		841409711A9F280400105103 /* PostViewController.m */ = {isa = PBXFileReference; fileEncoding = 4; lastKnownFileType = sourcecode.c.objc; path = PostViewController.m; sourceTree = "<group>"; };
		841409731A9F280400105103 /* ProfileViewController.h */ = {isa = PBXFileReference; fileEncoding = 4; lastKnownFileType = sourcecode.c.h; path = ProfileViewController.h; sourceTree = "<group>"; };
		841409741A9F280400105103 /* ProfileViewController.m */ = {isa = PBXFileReference; fileEncoding = 4; lastKnownFileType = sourcecode.c.objc; path = ProfileViewController.m; sourceTree = "<group>"; };
		841409761A9F280400105103 /* SearchViewController.h */ = {isa = PBXFileReference; fileEncoding = 4; lastKnownFileType = sourcecode.c.h; path = SearchViewController.h; sourceTree = "<group>"; };
		841409771A9F280400105103 /* SearchViewController.m */ = {isa = PBXFileReference; fileEncoding = 4; lastKnownFileType = sourcecode.c.objc; path = SearchViewController.m; sourceTree = "<group>"; };
		841409791A9F280400105103 /* SignUpViewController.h */ = {isa = PBXFileReference; fileEncoding = 4; lastKnownFileType = sourcecode.c.h; path = SignUpViewController.h; sourceTree = "<group>"; };
		8414097A1A9F280400105103 /* SignUpViewController.m */ = {isa = PBXFileReference; fileEncoding = 4; lastKnownFileType = sourcecode.c.objc; path = SignUpViewController.m; sourceTree = "<group>"; };
		841409871A9F288F00105103 /* CollectionPosts.h */ = {isa = PBXFileReference; fileEncoding = 4; lastKnownFileType = sourcecode.c.h; path = CollectionPosts.h; sourceTree = "<group>"; };
		841409881A9F288F00105103 /* CollectionPosts.m */ = {isa = PBXFileReference; fileEncoding = 4; lastKnownFileType = sourcecode.c.objc; path = CollectionPosts.m; sourceTree = "<group>"; };
		841409891A9F288F00105103 /* CollectionPosts.xib */ = {isa = PBXFileReference; fileEncoding = 4; lastKnownFileType = file.xib; path = CollectionPosts.xib; sourceTree = "<group>"; };
		8414098B1A9F288F00105103 /* HomeCell.h */ = {isa = PBXFileReference; fileEncoding = 4; lastKnownFileType = sourcecode.c.h; path = HomeCell.h; sourceTree = "<group>"; };
		8414098C1A9F288F00105103 /* HomeCell.m */ = {isa = PBXFileReference; fileEncoding = 4; lastKnownFileType = sourcecode.c.objc; path = HomeCell.m; sourceTree = "<group>"; };
		8414098D1A9F288F00105103 /* HomeCell.xib */ = {isa = PBXFileReference; fileEncoding = 4; lastKnownFileType = file.xib; path = HomeCell.xib; sourceTree = "<group>"; };
		8414098F1A9F288F00105103 /* InfoCell.h */ = {isa = PBXFileReference; fileEncoding = 4; lastKnownFileType = sourcecode.c.h; path = InfoCell.h; sourceTree = "<group>"; };
		841409901A9F288F00105103 /* InfoCell.m */ = {isa = PBXFileReference; fileEncoding = 4; lastKnownFileType = sourcecode.c.objc; path = InfoCell.m; sourceTree = "<group>"; };
		841409911A9F288F00105103 /* InfoCell.xib */ = {isa = PBXFileReference; fileEncoding = 4; lastKnownFileType = file.xib; path = InfoCell.xib; sourceTree = "<group>"; };
		841409931A9F288F00105103 /* SearchCollectionCell.h */ = {isa = PBXFileReference; fileEncoding = 4; lastKnownFileType = sourcecode.c.h; path = SearchCollectionCell.h; sourceTree = "<group>"; };
		841409941A9F288F00105103 /* SearchCollectionCell.m */ = {isa = PBXFileReference; fileEncoding = 4; lastKnownFileType = sourcecode.c.objc; path = SearchCollectionCell.m; sourceTree = "<group>"; };
		841409951A9F288F00105103 /* SearchCollectionCell.xib */ = {isa = PBXFileReference; fileEncoding = 4; lastKnownFileType = file.xib; path = SearchCollectionCell.xib; sourceTree = "<group>"; };
		841409971A9F288F00105103 /* UserCell.h */ = {isa = PBXFileReference; fileEncoding = 4; lastKnownFileType = sourcecode.c.h; path = UserCell.h; sourceTree = "<group>"; };
		841409981A9F288F00105103 /* UserCell.m */ = {isa = PBXFileReference; fileEncoding = 4; lastKnownFileType = sourcecode.c.objc; path = UserCell.m; sourceTree = "<group>"; };
		841409991A9F288F00105103 /* UserCell.xib */ = {isa = PBXFileReference; fileEncoding = 4; lastKnownFileType = file.xib; path = UserCell.xib; sourceTree = "<group>"; };
		8414099B1A9F288F00105103 /* UsersView.h */ = {isa = PBXFileReference; fileEncoding = 4; lastKnownFileType = sourcecode.c.h; path = UsersView.h; sourceTree = "<group>"; };
		8414099C1A9F288F00105103 /* UsersView.m */ = {isa = PBXFileReference; fileEncoding = 4; lastKnownFileType = sourcecode.c.objc; path = UsersView.m; sourceTree = "<group>"; };
		8414099D1A9F288F00105103 /* UsersView.xib */ = {isa = PBXFileReference; fileEncoding = 4; lastKnownFileType = file.xib; path = UsersView.xib; sourceTree = "<group>"; };
		841409AB1A9F28C500105103 /* DPTabbarController.h */ = {isa = PBXFileReference; fileEncoding = 4; lastKnownFileType = sourcecode.c.h; path = DPTabbarController.h; sourceTree = "<group>"; };
		841409AC1A9F28C500105103 /* DPTabbarController.m */ = {isa = PBXFileReference; fileEncoding = 4; lastKnownFileType = sourcecode.c.objc; path = DPTabbarController.m; sourceTree = "<group>"; };
		841409AE1A9F28C500105103 /* DPTextField.h */ = {isa = PBXFileReference; fileEncoding = 4; lastKnownFileType = sourcecode.c.h; path = DPTextField.h; sourceTree = "<group>"; };
		841409AF1A9F28C500105103 /* DPTextField.m */ = {isa = PBXFileReference; fileEncoding = 4; lastKnownFileType = sourcecode.c.objc; path = DPTextField.m; sourceTree = "<group>"; };
		841409B11A9F28C500105103 /* IAPHelper.h */ = {isa = PBXFileReference; fileEncoding = 4; lastKnownFileType = sourcecode.c.h; path = IAPHelper.h; sourceTree = "<group>"; };
		841409B21A9F28C500105103 /* IAPHelper.m */ = {isa = PBXFileReference; fileEncoding = 4; lastKnownFileType = sourcecode.c.objc; path = IAPHelper.m; sourceTree = "<group>"; };
		841409B31A9F28C500105103 /* RageIAPHelper.h */ = {isa = PBXFileReference; fileEncoding = 4; lastKnownFileType = sourcecode.c.h; path = RageIAPHelper.h; sourceTree = "<group>"; };
		841409B41A9F28C500105103 /* RageIAPHelper.m */ = {isa = PBXFileReference; fileEncoding = 4; lastKnownFileType = sourcecode.c.objc; path = RageIAPHelper.m; sourceTree = "<group>"; };
		844759A01A822BE900650C13 /* cameraSel.png */ = {isa = PBXFileReference; lastKnownFileType = image.png; path = cameraSel.png; sourceTree = "<group>"; };
		844759A11A822BE900650C13 /* cameraSel@2x.png */ = {isa = PBXFileReference; lastKnownFileType = image.png; path = "cameraSel@2x.png"; sourceTree = "<group>"; };
		844759A21A822BE900650C13 /* cameraUnsel.png */ = {isa = PBXFileReference; lastKnownFileType = image.png; path = cameraUnsel.png; sourceTree = "<group>"; };
		844759A31A822BE900650C13 /* cameraUnsel@2x.png */ = {isa = PBXFileReference; lastKnownFileType = image.png; path = "cameraUnsel@2x.png"; sourceTree = "<group>"; };
		844759A41A822BE900650C13 /* heartSel.png */ = {isa = PBXFileReference; lastKnownFileType = image.png; path = heartSel.png; sourceTree = "<group>"; };
		844759A51A822BE900650C13 /* heartSel@2x.png */ = {isa = PBXFileReference; lastKnownFileType = image.png; path = "heartSel@2x.png"; sourceTree = "<group>"; };
		844759A61A822BE900650C13 /* heartUnsel.png */ = {isa = PBXFileReference; lastKnownFileType = image.png; path = heartUnsel.png; sourceTree = "<group>"; };
		844759A71A822BE900650C13 /* heartUnsel@2x.png */ = {isa = PBXFileReference; lastKnownFileType = image.png; path = "heartUnsel@2x.png"; sourceTree = "<group>"; };
		844759A81A822BE900650C13 /* homeSel.png */ = {isa = PBXFileReference; lastKnownFileType = image.png; path = homeSel.png; sourceTree = "<group>"; };
		844759A91A822BE900650C13 /* homeSel@2x.png */ = {isa = PBXFileReference; lastKnownFileType = image.png; path = "homeSel@2x.png"; sourceTree = "<group>"; };
		844759AA1A822BE900650C13 /* homeUnsel.png */ = {isa = PBXFileReference; lastKnownFileType = image.png; path = homeUnsel.png; sourceTree = "<group>"; };
		844759AB1A822BE900650C13 /* homeUnsel@2x.png */ = {isa = PBXFileReference; lastKnownFileType = image.png; path = "homeUnsel@2x.png"; sourceTree = "<group>"; };
		844759AC1A822BE900650C13 /* searchSel.png */ = {isa = PBXFileReference; lastKnownFileType = image.png; path = searchSel.png; sourceTree = "<group>"; };
		844759AD1A822BE900650C13 /* searchSel@2x.png */ = {isa = PBXFileReference; lastKnownFileType = image.png; path = "searchSel@2x.png"; sourceTree = "<group>"; };
		844759AE1A822BE900650C13 /* searchUnsel.png */ = {isa = PBXFileReference; lastKnownFileType = image.png; path = searchUnsel.png; sourceTree = "<group>"; };
		844759AF1A822BE900650C13 /* searchUnsel@2x.png */ = {isa = PBXFileReference; lastKnownFileType = image.png; path = "searchUnsel@2x.png"; sourceTree = "<group>"; };
		844759B01A822BE900650C13 /* userSel.png */ = {isa = PBXFileReference; lastKnownFileType = image.png; path = userSel.png; sourceTree = "<group>"; };
		844759B11A822BE900650C13 /* userSel@2x.png */ = {isa = PBXFileReference; lastKnownFileType = image.png; path = "userSel@2x.png"; sourceTree = "<group>"; };
		844759B21A822BE900650C13 /* userUnsel.png */ = {isa = PBXFileReference; lastKnownFileType = image.png; path = userUnsel.png; sourceTree = "<group>"; };
		844759B31A822BE900650C13 /* userUnsel@2x.png */ = {isa = PBXFileReference; lastKnownFileType = image.png; path = "userUnsel@2x.png"; sourceTree = "<group>"; };
		844759C91A8236F600650C13 /* day_clock_icon@2x.png */ = {isa = PBXFileReference; lastKnownFileType = image.png; path = "day_clock_icon@2x.png"; sourceTree = "<group>"; };
		844759CA1A8236F600650C13 /* img_big.png */ = {isa = PBXFileReference; lastKnownFileType = image.png; path = img_big.png; sourceTree = "<group>"; };
		844759CB1A8236F600650C13 /* img_big@2x.png */ = {isa = PBXFileReference; lastKnownFileType = image.png; path = "img_big@2x.png"; sourceTree = "<group>"; };
		844759CC1A8236F600650C13 /* refresh_icon.png */ = {isa = PBXFileReference; lastKnownFileType = image.png; path = refresh_icon.png; sourceTree = "<group>"; };
		844759CD1A8236F600650C13 /* refresh_icon@2x.png */ = {isa = PBXFileReference; lastKnownFileType = image.png; path = "refresh_icon@2x.png"; sourceTree = "<group>"; };
		844759CE1A8236F600650C13 /* small_thumb.png */ = {isa = PBXFileReference; lastKnownFileType = image.png; path = small_thumb.png; sourceTree = "<group>"; };
		844759CF1A8236F600650C13 /* small_thumb@2x.png */ = {isa = PBXFileReference; lastKnownFileType = image.png; path = "small_thumb@2x.png"; sourceTree = "<group>"; };
		844759D71A8237EC00650C13 /* day_clock_icon.png */ = {isa = PBXFileReference; lastKnownFileType = image.png; path = day_clock_icon.png; sourceTree = "<group>"; };
		844759DE1A824F2500650C13 /* blue_bg_cam.png */ = {isa = PBXFileReference; lastKnownFileType = image.png; path = blue_bg_cam.png; sourceTree = "<group>"; };
		844759DF1A824F2500650C13 /* blue_bg_cam@2x.png */ = {isa = PBXFileReference; lastKnownFileType = image.png; path = "blue_bg_cam@2x.png"; sourceTree = "<group>"; };
		844759E01A824F2500650C13 /* main_img.png */ = {isa = PBXFileReference; lastKnownFileType = image.png; path = main_img.png; sourceTree = "<group>"; };
		844759E11A824F2500650C13 /* main_img@2x.png */ = {isa = PBXFileReference; lastKnownFileType = image.png; path = "main_img@2x.png"; sourceTree = "<group>"; };
		844759E21A824F2500650C13 /* movie_icon.png */ = {isa = PBXFileReference; lastKnownFileType = image.png; path = movie_icon.png; sourceTree = "<group>"; };
		844759E31A824F2500650C13 /* movie_icon@2x.png */ = {isa = PBXFileReference; lastKnownFileType = image.png; path = "movie_icon@2x.png"; sourceTree = "<group>"; };
		844759F21A82602300650C13 /* camera_icon.png */ = {isa = PBXFileReference; lastKnownFileType = image.png; path = camera_icon.png; sourceTree = "<group>"; };
		844759F31A82602300650C13 /* camera_icon@2x.png */ = {isa = PBXFileReference; lastKnownFileType = image.png; path = "camera_icon@2x.png"; sourceTree = "<group>"; };
		844759F41A82602300650C13 /* cameraChange.png */ = {isa = PBXFileReference; lastKnownFileType = image.png; path = cameraChange.png; sourceTree = "<group>"; };
		844759F51A82602300650C13 /* cameraChange@2x.png */ = {isa = PBXFileReference; lastKnownFileType = image.png; path = "cameraChange@2x.png"; sourceTree = "<group>"; };
		844759F61A82602300650C13 /* cross_icon.png */ = {isa = PBXFileReference; lastKnownFileType = image.png; path = cross_icon.png; sourceTree = "<group>"; };
		844759F71A82602300650C13 /* cross_icon@2x.png */ = {isa = PBXFileReference; lastKnownFileType = image.png; path = "cross_icon@2x.png"; sourceTree = "<group>"; };
		844759F81A82602300650C13 /* flashOff.png */ = {isa = PBXFileReference; lastKnownFileType = image.png; path = flashOff.png; sourceTree = "<group>"; };
		844759F91A82602300650C13 /* flashOff@2x.png */ = {isa = PBXFileReference; lastKnownFileType = image.png; path = "flashOff@2x.png"; sourceTree = "<group>"; };
		844759FA1A82602300650C13 /* photo_icon.png */ = {isa = PBXFileReference; lastKnownFileType = image.png; path = photo_icon.png; sourceTree = "<group>"; };
		844759FB1A82602300650C13 /* photo_icon@2x.png */ = {isa = PBXFileReference; lastKnownFileType = image.png; path = "photo_icon@2x.png"; sourceTree = "<group>"; };
		84475A061A826A8C00650C13 /* flashOn.png */ = {isa = PBXFileReference; lastKnownFileType = image.png; path = flashOn.png; sourceTree = "<group>"; };
		84475A071A826A8C00650C13 /* flashOn@2x.png */ = {isa = PBXFileReference; lastKnownFileType = image.png; path = "flashOn@2x.png"; sourceTree = "<group>"; };
		84475A101A8285F900650C13 /* flower.jpg */ = {isa = PBXFileReference; lastKnownFileType = image.jpeg; path = flower.jpg; sourceTree = "<group>"; };
		844821C21A7621D000CBF68A /* DPFunctions.h */ = {isa = PBXFileReference; fileEncoding = 4; lastKnownFileType = sourcecode.c.h; name = DPFunctions.h; path = HelperClasses/CommonFunctions/DPFunctions.h; sourceTree = "<group>"; };
		844821C31A7621D000CBF68A /* DPFunctions.m */ = {isa = PBXFileReference; fileEncoding = 4; lastKnownFileType = sourcecode.c.objc; name = DPFunctions.m; path = HelperClasses/CommonFunctions/DPFunctions.m; sourceTree = "<group>"; };
		844821CB1A76307800CBF68A /* DonkPlanetPCH.pch */ = {isa = PBXFileReference; lastKnownFileType = sourcecode.c.h; path = DonkPlanetPCH.pch; sourceTree = "<group>"; };
		844821D81A76759800CBF68A /* Bolts.framework */ = {isa = PBXFileReference; lastKnownFileType = wrapper.framework; name = Bolts.framework; path = ParseLibrary/Bolts.framework; sourceTree = "<group>"; };
		844821D91A76759800CBF68A /* Parse.framework */ = {isa = PBXFileReference; lastKnownFileType = wrapper.framework; name = Parse.framework; path = ParseLibrary/Parse.framework; sourceTree = "<group>"; };
		844821DA1A76759800CBF68A /* ParseCrashReporting.framework */ = {isa = PBXFileReference; lastKnownFileType = wrapper.framework; name = ParseCrashReporting.framework; path = ParseLibrary/ParseCrashReporting.framework; sourceTree = "<group>"; };
		844821DB1A76759800CBF68A /* ParseFacebookUtils.framework */ = {isa = PBXFileReference; lastKnownFileType = wrapper.framework; name = ParseFacebookUtils.framework; path = ParseLibrary/ParseFacebookUtils.framework; sourceTree = "<group>"; };
		844821DC1A76759800CBF68A /* ParseUI.framework */ = {isa = PBXFileReference; lastKnownFileType = wrapper.framework; name = ParseUI.framework; path = ParseLibrary/ParseUI.framework; sourceTree = "<group>"; };
		844821E21A76821F00CBF68A /* txtFieldBack.png */ = {isa = PBXFileReference; lastKnownFileType = image.png; path = txtFieldBack.png; sourceTree = "<group>"; };
		844821E31A76822000CBF68A /* txtFieldBack@2x.png */ = {isa = PBXFileReference; lastKnownFileType = image.png; path = "txtFieldBack@2x.png"; sourceTree = "<group>"; };
		844821E61A76A07200CBF68A /* AudioToolbox.framework */ = {isa = PBXFileReference; lastKnownFileType = wrapper.framework; name = AudioToolbox.framework; path = System/Library/Frameworks/AudioToolbox.framework; sourceTree = SDKROOT; };
		844821E81A76A07B00CBF68A /* CFNetwork.framework */ = {isa = PBXFileReference; lastKnownFileType = wrapper.framework; name = CFNetwork.framework; path = System/Library/Frameworks/CFNetwork.framework; sourceTree = SDKROOT; };
		844821EA1A76A08D00CBF68A /* CoreGraphics.framework */ = {isa = PBXFileReference; lastKnownFileType = wrapper.framework; name = CoreGraphics.framework; path = System/Library/Frameworks/CoreGraphics.framework; sourceTree = SDKROOT; };
		844821EB1A76A08D00CBF68A /* CoreLocation.framework */ = {isa = PBXFileReference; lastKnownFileType = wrapper.framework; name = CoreLocation.framework; path = System/Library/Frameworks/CoreLocation.framework; sourceTree = SDKROOT; };
		844821EE1A76A09B00CBF68A /* MobileCoreServices.framework */ = {isa = PBXFileReference; lastKnownFileType = wrapper.framework; name = MobileCoreServices.framework; path = System/Library/Frameworks/MobileCoreServices.framework; sourceTree = SDKROOT; };
		844821F01A76A0DC00CBF68A /* libsqlite3.dylib */ = {isa = PBXFileReference; lastKnownFileType = "compiled.mach-o.dylib"; name = libsqlite3.dylib; path = usr/lib/libsqlite3.dylib; sourceTree = SDKROOT; };
		844821F11A76A0DC00CBF68A /* libz.dylib */ = {isa = PBXFileReference; lastKnownFileType = "compiled.mach-o.dylib"; name = libz.dylib; path = usr/lib/libz.dylib; sourceTree = SDKROOT; };
		844821F21A76A0DC00CBF68A /* QuartzCore.framework */ = {isa = PBXFileReference; lastKnownFileType = wrapper.framework; name = QuartzCore.framework; path = System/Library/Frameworks/QuartzCore.framework; sourceTree = SDKROOT; };
		844821F31A76A0DC00CBF68A /* Security.framework */ = {isa = PBXFileReference; lastKnownFileType = wrapper.framework; name = Security.framework; path = System/Library/Frameworks/Security.framework; sourceTree = SDKROOT; };
		844821F41A76A0DC00CBF68A /* StoreKit.framework */ = {isa = PBXFileReference; lastKnownFileType = wrapper.framework; name = StoreKit.framework; path = System/Library/Frameworks/StoreKit.framework; sourceTree = SDKROOT; };
		844821F51A76A0DC00CBF68A /* SystemConfiguration.framework */ = {isa = PBXFileReference; lastKnownFileType = wrapper.framework; name = SystemConfiguration.framework; path = System/Library/Frameworks/SystemConfiguration.framework; sourceTree = SDKROOT; };
		844821FD1A76B0A200CBF68A /* GMDCircleLoader.h */ = {isa = PBXFileReference; fileEncoding = 4; lastKnownFileType = sourcecode.c.h; path = GMDCircleLoader.h; sourceTree = "<group>"; };
		844821FE1A76B0A200CBF68A /* GMDCircleLoader.m */ = {isa = PBXFileReference; fileEncoding = 4; lastKnownFileType = sourcecode.c.objc; path = GMDCircleLoader.m; sourceTree = "<group>"; };
		845D28461A70A7D70025FC21 /* bottom_line.png */ = {isa = PBXFileReference; lastKnownFileType = image.png; path = bottom_line.png; sourceTree = "<group>"; };
		845D28471A70A7D70025FC21 /* bottom_line@2x.png */ = {isa = PBXFileReference; lastKnownFileType = image.png; path = "bottom_line@2x.png"; sourceTree = "<group>"; };
		845D28481A70A7D70025FC21 /* lock_white.png */ = {isa = PBXFileReference; lastKnownFileType = image.png; path = lock_white.png; sourceTree = "<group>"; };
		845D28491A70A7D70025FC21 /* lock_white@2x.png */ = {isa = PBXFileReference; lastKnownFileType = image.png; path = "lock_white@2x.png"; sourceTree = "<group>"; };
		845D284A1A70A7D70025FC21 /* logo_login.png */ = {isa = PBXFileReference; lastKnownFileType = image.png; path = logo_login.png; sourceTree = "<group>"; };
		845D284B1A70A7D70025FC21 /* logo_login@2x.png */ = {isa = PBXFileReference; lastKnownFileType = image.png; path = "logo_login@2x.png"; sourceTree = "<group>"; };
		845D284C1A70A7D70025FC21 /* screen.jpg */ = {isa = PBXFileReference; lastKnownFileType = image.jpeg; path = screen.jpg; sourceTree = "<group>"; };
		845D284D1A70A7D70025FC21 /* username.png */ = {isa = PBXFileReference; lastKnownFileType = image.png; path = username.png; sourceTree = "<group>"; };
		845D284E1A70A7D70025FC21 /* username@2x.png */ = {isa = PBXFileReference; lastKnownFileType = image.png; path = "username@2x.png"; sourceTree = "<group>"; };
		845D28521A70A7D70025FC21 /* friends.png */ = {isa = PBXFileReference; lastKnownFileType = image.png; path = friends.png; sourceTree = "<group>"; };
		845D28531A70A7D70025FC21 /* friends@2x.png */ = {isa = PBXFileReference; lastKnownFileType = image.png; path = "friends@2x.png"; sourceTree = "<group>"; };
		845D28541A70A7D70025FC21 /* hobby.png */ = {isa = PBXFileReference; lastKnownFileType = image.png; path = hobby.png; sourceTree = "<group>"; };
		845D28551A70A7D70025FC21 /* hobby@2x.png */ = {isa = PBXFileReference; lastKnownFileType = image.png; path = "hobby@2x.png"; sourceTree = "<group>"; };
		845D28591A70A7D70025FC21 /* school@2x.png */ = {isa = PBXFileReference; lastKnownFileType = image.png; path = "school@2x.png"; sourceTree = "<group>"; };
		845D285B1A70A7D70025FC21 /* work.png */ = {isa = PBXFileReference; lastKnownFileType = image.png; path = work.png; sourceTree = "<group>"; };
		845D285C1A70A7D70025FC21 /* work@2x.png */ = {isa = PBXFileReference; lastKnownFileType = image.png; path = "work@2x.png"; sourceTree = "<group>"; };
		845D285E1A70A7D70025FC21 /* blank_img.png */ = {isa = PBXFileReference; lastKnownFileType = image.png; path = blank_img.png; sourceTree = "<group>"; };
		845D285F1A70A7D70025FC21 /* blank_img@2x.png */ = {isa = PBXFileReference; lastKnownFileType = image.png; path = "blank_img@2x.png"; sourceTree = "<group>"; };
		845D28601A70A7D70025FC21 /* email.png */ = {isa = PBXFileReference; lastKnownFileType = image.png; path = email.png; sourceTree = "<group>"; };
		845D28611A70A7D70025FC21 /* email@2x.png */ = {isa = PBXFileReference; lastKnownFileType = image.png; path = "email@2x.png"; sourceTree = "<group>"; };
		845D28621A70A7D70025FC21 /* grey_line.png */ = {isa = PBXFileReference; lastKnownFileType = image.png; path = grey_line.png; sourceTree = "<group>"; };
		845D28631A70A7D70025FC21 /* grey_line@2x.png */ = {isa = PBXFileReference; lastKnownFileType = image.png; path = "grey_line@2x.png"; sourceTree = "<group>"; };
		845D28641A70A7D70025FC21 /* password_grey.png */ = {isa = PBXFileReference; lastKnownFileType = image.png; path = password_grey.png; sourceTree = "<group>"; };
		845D28651A70A7D70025FC21 /* password_grey@2x.png */ = {isa = PBXFileReference; lastKnownFileType = image.png; path = "password_grey@2x.png"; sourceTree = "<group>"; };
		845D28661A70A7D70025FC21 /* phone.png */ = {isa = PBXFileReference; lastKnownFileType = image.png; path = phone.png; sourceTree = "<group>"; };
		845D28671A70A7D70025FC21 /* phone@2x.png */ = {isa = PBXFileReference; lastKnownFileType = image.png; path = "phone@2x.png"; sourceTree = "<group>"; };
		845D28681A70A7D70025FC21 /* user_grey.png */ = {isa = PBXFileReference; lastKnownFileType = image.png; path = user_grey.png; sourceTree = "<group>"; };
		845D28691A70A7D70025FC21 /* user_grey@2x.png */ = {isa = PBXFileReference; lastKnownFileType = image.png; path = "user_grey@2x.png"; sourceTree = "<group>"; };
		845D286A1A70A7D70025FC21 /* splash.png */ = {isa = PBXFileReference; lastKnownFileType = image.png; path = splash.png; sourceTree = "<group>"; };
		845D286B1A70A7D70025FC21 /* splash@2x.png */ = {isa = PBXFileReference; lastKnownFileType = image.png; path = "splash@2x.png"; sourceTree = "<group>"; };
		8465BE221A88AC09008A3AA7 /* placeholder.png */ = {isa = PBXFileReference; lastKnownFileType = image.png; path = placeholder.png; sourceTree = "<group>"; };
		8465BE231A88AC09008A3AA7 /* placeholder@2x.png */ = {isa = PBXFileReference; lastKnownFileType = image.png; path = "placeholder@2x.png"; sourceTree = "<group>"; };
		8485137D1A8E02BE00B94C8D /* pause.png */ = {isa = PBXFileReference; lastKnownFileType = image.png; path = pause.png; sourceTree = "<group>"; };
		8485137E1A8E02BE00B94C8D /* pause@2x.png */ = {isa = PBXFileReference; lastKnownFileType = image.png; path = "pause@2x.png"; sourceTree = "<group>"; };
		8485137F1A8E02BE00B94C8D /* play.png */ = {isa = PBXFileReference; lastKnownFileType = image.png; path = play.png; sourceTree = "<group>"; };
		848513801A8E02BE00B94C8D /* play@2x.png */ = {isa = PBXFileReference; lastKnownFileType = image.png; path = "play@2x.png"; sourceTree = "<group>"; };
		84C53CCD1A94C7AA000A117F /* 2minute.mov */ = {isa = PBXFileReference; lastKnownFileType = video.quicktime; path = 2minute.mov; sourceTree = "<group>"; };
		84C9C8D21A8537F300814AEB /* captionback.png */ = {isa = PBXFileReference; lastKnownFileType = image.png; path = captionback.png; sourceTree = "<group>"; };
		84C9C8D31A8537F300814AEB /* captionback@2x.png */ = {isa = PBXFileReference; lastKnownFileType = image.png; path = "captionback@2x.png"; sourceTree = "<group>"; };
		84D737881A7759E30097B80E /* back_icon.png */ = {isa = PBXFileReference; lastKnownFileType = image.png; path = back_icon.png; sourceTree = "<group>"; };
		84D737891A7759E30097B80E /* back_icon@2x.png */ = {isa = PBXFileReference; lastKnownFileType = image.png; path = "back_icon@2x.png"; sourceTree = "<group>"; };
		84E348031A6D891C00FDAF4B /* DonkPlanet.app */ = {isa = PBXFileReference; explicitFileType = wrapper.application; includeInIndex = 0; path = DonkPlanet.app; sourceTree = BUILT_PRODUCTS_DIR; };
		84E348071A6D891C00FDAF4B /* Info.plist */ = {isa = PBXFileReference; lastKnownFileType = text.plist.xml; path = Info.plist; sourceTree = "<group>"; };
		84E348081A6D891C00FDAF4B /* main.m */ = {isa = PBXFileReference; lastKnownFileType = sourcecode.c.objc; path = main.m; sourceTree = "<group>"; };
		84E3480A1A6D891C00FDAF4B /* AppDelegate.h */ = {isa = PBXFileReference; lastKnownFileType = sourcecode.c.h; path = AppDelegate.h; sourceTree = "<group>"; };
		84E3480B1A6D891C00FDAF4B /* AppDelegate.m */ = {isa = PBXFileReference; lastKnownFileType = sourcecode.c.objc; path = AppDelegate.m; sourceTree = "<group>"; };
		84E348141A6D891C00FDAF4B /* Base */ = {isa = PBXFileReference; lastKnownFileType = file.storyboard; name = Base; path = Base.lproj/Main.storyboard; sourceTree = "<group>"; };
		84E348161A6D891C00FDAF4B /* Images.xcassets */ = {isa = PBXFileReference; lastKnownFileType = folder.assetcatalog; path = Images.xcassets; sourceTree = "<group>"; };
		84E348191A6D891C00FDAF4B /* Base */ = {isa = PBXFileReference; lastKnownFileType = file.xib; name = Base; path = Base.lproj/LaunchScreen.xib; sourceTree = "<group>"; };
		84E3481F1A6D891C00FDAF4B /* DonkPlanetTests.xctest */ = {isa = PBXFileReference; explicitFileType = wrapper.cfbundle; includeInIndex = 0; path = DonkPlanetTests.xctest; sourceTree = BUILT_PRODUCTS_DIR; };
		84E348241A6D891C00FDAF4B /* Info.plist */ = {isa = PBXFileReference; lastKnownFileType = text.plist.xml; path = Info.plist; sourceTree = "<group>"; };
		84E348251A6D891C00FDAF4B /* DonkPlanetTests.m */ = {isa = PBXFileReference; lastKnownFileType = sourcecode.c.objc; path = DonkPlanetTests.m; sourceTree = "<group>"; };
		84E3484F1A6D953A00FDAF4B /* Constants.h */ = {isa = PBXFileReference; fileEncoding = 4; lastKnownFileType = sourcecode.c.h; name = Constants.h; path = HelperClasses/Constants/Constants.h; sourceTree = "<group>"; };
		84E348501A6D953A00FDAF4B /* Constants.m */ = {isa = PBXFileReference; fileEncoding = 4; lastKnownFileType = sourcecode.c.objc; name = Constants.m; path = HelperClasses/Constants/Constants.m; sourceTree = "<group>"; };
		84FE34D51A8C9949003F7EF0 /* Pixel.png */ = {isa = PBXFileReference; lastKnownFileType = image.png; path = Pixel.png; sourceTree = "<group>"; };
		84FE34D61A8C9949003F7EF0 /* TransparentPixel.png */ = {isa = PBXFileReference; lastKnownFileType = image.png; path = TransparentPixel.png; sourceTree = "<group>"; };
		84FE34E51A8CD7C8003F7EF0 /* 1minute.mov */ = {isa = PBXFileReference; lastKnownFileType = video.quicktime; path = 1minute.mov; sourceTree = "<group>"; };
/* End PBXFileReference section */

/* Begin PBXFrameworksBuildPhase section */
		84E348001A6D891C00FDAF4B /* Frameworks */ = {
			isa = PBXFrameworksBuildPhase;
			buildActionMask = 2147483647;
			files = (
				844821FA1A76A0DC00CBF68A /* StoreKit.framework in Frameworks */,
				844821F61A76A0DC00CBF68A /* libsqlite3.dylib in Frameworks */,
				844821F71A76A0DC00CBF68A /* libz.dylib in Frameworks */,
				844821F81A76A0DC00CBF68A /* QuartzCore.framework in Frameworks */,
				844821F91A76A0DC00CBF68A /* Security.framework in Frameworks */,
				844821FB1A76A0DC00CBF68A /* SystemConfiguration.framework in Frameworks */,
				844821EF1A76A09B00CBF68A /* MobileCoreServices.framework in Frameworks */,
				844821EC1A76A08D00CBF68A /* CoreGraphics.framework in Frameworks */,
				844821ED1A76A08D00CBF68A /* CoreLocation.framework in Frameworks */,
				844821E91A76A07B00CBF68A /* CFNetwork.framework in Frameworks */,
				844821E71A76A07200CBF68A /* AudioToolbox.framework in Frameworks */,
				844821E11A76759800CBF68A /* ParseUI.framework in Frameworks */,
				844821DE1A76759800CBF68A /* Parse.framework in Frameworks */,
				844821DD1A76759800CBF68A /* Bolts.framework in Frameworks */,
				844821E01A76759800CBF68A /* ParseFacebookUtils.framework in Frameworks */,
				844821DF1A76759800CBF68A /* ParseCrashReporting.framework in Frameworks */,
			);
			runOnlyForDeploymentPostprocessing = 0;
		};
		84E3481C1A6D891C00FDAF4B /* Frameworks */ = {
			isa = PBXFrameworksBuildPhase;
			buildActionMask = 2147483647;
			files = (
			);
			runOnlyForDeploymentPostprocessing = 0;
		};
/* End PBXFrameworksBuildPhase section */

/* Begin PBXGroup section */
		41D1B8071AA1FD4E00AB9092 /* SplashScreen */ = {
			isa = PBXGroup;
			children = (
				41D1B8101AA1FE9000AB9092 /* splash 480.png */,
				41D1B80E1AA1FE6600AB9092 /* splash 1334.png */,
				41D1B80C1AA1FE2B00AB9092 /* splash 2208.png */,
				41D1B8081AA1FDA900AB9092 /* splash 960.png */,
				41D1B80A1AA1FDFA00AB9092 /* splash 1136.png */,
			);
			path = SplashScreen;
			sourceTree = "<group>";
		};
		41FB7B571AA1E005007F2209 /* icons */ = {
			isa = PBXGroup;
			children = (
				41FB7B6E1AA1E19B007F2209 /* icon_87.png */,
				41FB7B6C1AA1E11D007F2209 /* icon_180.png */,
				41FB7B581AA1E005007F2209 /* icon_100.png */,
				41FB7B591AA1E005007F2209 /* icon_114.png */,
				41FB7B5A1AA1E005007F2209 /* icon_120.png */,
				41FB7B5B1AA1E005007F2209 /* icon_144.png */,
				41FB7B5C1AA1E005007F2209 /* icon_29.png */,
				41FB7B5D1AA1E005007F2209 /* icon_40.png */,
				41FB7B5E1AA1E005007F2209 /* icon_57.png */,
				41FB7B5F1AA1E005007F2209 /* icon_58.png */,
				41FB7B601AA1E005007F2209 /* icon_72.png */,
				41FB7B611AA1E005007F2209 /* icon_80.png */,
			);
			path = icons;
			sourceTree = "<group>";
		};
		8414095D1A9F27DC00105103 /* ViewControllers */ = {
			isa = PBXGroup;
			children = (
				8414095E1A9F280400105103 /* CameraViewController */,
				841409611A9F280400105103 /* CaptureViewController */,
				841409641A9F280400105103 /* HomeViewController */,
				841409691A9F280400105103 /* LoginViewController */,
				8414096C1A9F280400105103 /* NewsViewController */,
				8414096F1A9F280400105103 /* PostViewController */,
				841409721A9F280400105103 /* ProfileViewController */,
				841409751A9F280400105103 /* SearchViewController */,
				841409781A9F280400105103 /* SignUpViewController */,
			);
			name = ViewControllers;
			sourceTree = "<group>";
		};
		8414095E1A9F280400105103 /* CameraViewController */ = {
			isa = PBXGroup;
			children = (
				8414095F1A9F280400105103 /* CameraViewController.h */,
				841409601A9F280400105103 /* CameraViewController.m */,
			);
			name = CameraViewController;
			path = ViewControllers/CameraViewController;
			sourceTree = "<group>";
		};
		841409611A9F280400105103 /* CaptureViewController */ = {
			isa = PBXGroup;
			children = (
				841409621A9F280400105103 /* CaptureViewController.h */,
				841409631A9F280400105103 /* CaptureViewController.m */,
			);
			name = CaptureViewController;
			path = ViewControllers/CaptureViewController;
			sourceTree = "<group>";
		};
		841409641A9F280400105103 /* HomeViewController */ = {
			isa = PBXGroup;
			children = (
				841409651A9F280400105103 /* ExtendedNavBarView.h */,
				841409661A9F280400105103 /* ExtendedNavBarView.m */,
				841409671A9F280400105103 /* HomeViewController.h */,
				841409681A9F280400105103 /* HomeViewController.m */,
			);
			name = HomeViewController;
			path = ViewControllers/HomeViewController;
			sourceTree = "<group>";
		};
		841409691A9F280400105103 /* LoginViewController */ = {
			isa = PBXGroup;
			children = (
				8414096A1A9F280400105103 /* LoginViewController.h */,
				8414096B1A9F280400105103 /* LoginViewController.m */,
			);
			name = LoginViewController;
			path = ViewControllers/LoginViewController;
			sourceTree = "<group>";
		};
		8414096C1A9F280400105103 /* NewsViewController */ = {
			isa = PBXGroup;
			children = (
				8414096D1A9F280400105103 /* NewsViewController.h */,
				8414096E1A9F280400105103 /* NewsViewController.m */,
			);
			name = NewsViewController;
			path = ViewControllers/NewsViewController;
			sourceTree = "<group>";
		};
		8414096F1A9F280400105103 /* PostViewController */ = {
			isa = PBXGroup;
			children = (
				841409701A9F280400105103 /* PostViewController.h */,
				841409711A9F280400105103 /* PostViewController.m */,
			);
			name = PostViewController;
			path = ViewControllers/PostViewController;
			sourceTree = "<group>";
		};
		841409721A9F280400105103 /* ProfileViewController */ = {
			isa = PBXGroup;
			children = (
				841409731A9F280400105103 /* ProfileViewController.h */,
				841409741A9F280400105103 /* ProfileViewController.m */,
			);
			name = ProfileViewController;
			path = ViewControllers/ProfileViewController;
			sourceTree = "<group>";
		};
		841409751A9F280400105103 /* SearchViewController */ = {
			isa = PBXGroup;
			children = (
				841409761A9F280400105103 /* SearchViewController.h */,
				841409771A9F280400105103 /* SearchViewController.m */,
			);
			name = SearchViewController;
			path = ViewControllers/SearchViewController;
			sourceTree = "<group>";
		};
		841409781A9F280400105103 /* SignUpViewController */ = {
			isa = PBXGroup;
			children = (
				841409791A9F280400105103 /* SignUpViewController.h */,
				8414097A1A9F280400105103 /* SignUpViewController.m */,
			);
			name = SignUpViewController;
			path = ViewControllers/SignUpViewController;
			sourceTree = "<group>";
		};
		841409851A9F288F00105103 /* ViewsAndCells */ = {
			isa = PBXGroup;
			children = (
				841409861A9F288F00105103 /* CollectionPosts */,
				8414098A1A9F288F00105103 /* HomeCell */,
				8414098E1A9F288F00105103 /* InfoCell */,
				841409921A9F288F00105103 /* SearchCollectionCell */,
				841409961A9F288F00105103 /* UserCell */,
				8414099A1A9F288F00105103 /* UsersView */,
			);
			path = ViewsAndCells;
			sourceTree = "<group>";
		};
		841409861A9F288F00105103 /* CollectionPosts */ = {
			isa = PBXGroup;
			children = (
				841409871A9F288F00105103 /* CollectionPosts.h */,
				841409881A9F288F00105103 /* CollectionPosts.m */,
				841409891A9F288F00105103 /* CollectionPosts.xib */,
			);
			path = CollectionPosts;
			sourceTree = "<group>";
		};
		8414098A1A9F288F00105103 /* HomeCell */ = {
			isa = PBXGroup;
			children = (
				8414098B1A9F288F00105103 /* HomeCell.h */,
				8414098C1A9F288F00105103 /* HomeCell.m */,
				8414098D1A9F288F00105103 /* HomeCell.xib */,
			);
			path = HomeCell;
			sourceTree = "<group>";
		};
		8414098E1A9F288F00105103 /* InfoCell */ = {
			isa = PBXGroup;
			children = (
				8414098F1A9F288F00105103 /* InfoCell.h */,
				841409901A9F288F00105103 /* InfoCell.m */,
				841409911A9F288F00105103 /* InfoCell.xib */,
			);
			path = InfoCell;
			sourceTree = "<group>";
		};
		841409921A9F288F00105103 /* SearchCollectionCell */ = {
			isa = PBXGroup;
			children = (
				841409931A9F288F00105103 /* SearchCollectionCell.h */,
				841409941A9F288F00105103 /* SearchCollectionCell.m */,
				841409951A9F288F00105103 /* SearchCollectionCell.xib */,
			);
			path = SearchCollectionCell;
			sourceTree = "<group>";
		};
		841409961A9F288F00105103 /* UserCell */ = {
			isa = PBXGroup;
			children = (
				841409971A9F288F00105103 /* UserCell.h */,
				841409981A9F288F00105103 /* UserCell.m */,
				841409991A9F288F00105103 /* UserCell.xib */,
			);
			path = UserCell;
			sourceTree = "<group>";
		};
		8414099A1A9F288F00105103 /* UsersView */ = {
			isa = PBXGroup;
			children = (
				8414099B1A9F288F00105103 /* UsersView.h */,
				8414099C1A9F288F00105103 /* UsersView.m */,
				8414099D1A9F288F00105103 /* UsersView.xib */,
			);
			path = UsersView;
			sourceTree = "<group>";
		};
		841409AA1A9F28C500105103 /* DPTabbarController */ = {
			isa = PBXGroup;
			children = (
				841409AB1A9F28C500105103 /* DPTabbarController.h */,
				841409AC1A9F28C500105103 /* DPTabbarController.m */,
			);
			name = DPTabbarController;
			path = HelperClasses/DPTabbarController;
			sourceTree = "<group>";
		};
		841409AD1A9F28C500105103 /* DPTextField */ = {
			isa = PBXGroup;
			children = (
				841409AE1A9F28C500105103 /* DPTextField.h */,
				841409AF1A9F28C500105103 /* DPTextField.m */,
			);
			name = DPTextField;
			path = HelperClasses/DPTextField;
			sourceTree = "<group>";
		};
		841409B01A9F28C500105103 /* IAP Helper */ = {
			isa = PBXGroup;
			children = (
				841409B11A9F28C500105103 /* IAPHelper.h */,
				841409B21A9F28C500105103 /* IAPHelper.m */,
				841409B31A9F28C500105103 /* RageIAPHelper.h */,
				841409B41A9F28C500105103 /* RageIAPHelper.m */,
			);
			name = "IAP Helper";
			path = "HelperClasses/IAP Helper";
			sourceTree = "<group>";
		};
		844759731A8211AF00650C13 /* Tabbar */ = {
			isa = PBXGroup;
			children = (
				844759A01A822BE900650C13 /* cameraSel.png */,
				844759A11A822BE900650C13 /* cameraSel@2x.png */,
				844759A21A822BE900650C13 /* cameraUnsel.png */,
				844759A31A822BE900650C13 /* cameraUnsel@2x.png */,
				844759A41A822BE900650C13 /* heartSel.png */,
				844759A51A822BE900650C13 /* heartSel@2x.png */,
				844759A61A822BE900650C13 /* heartUnsel.png */,
				844759A71A822BE900650C13 /* heartUnsel@2x.png */,
				844759A81A822BE900650C13 /* homeSel.png */,
				844759A91A822BE900650C13 /* homeSel@2x.png */,
				844759AA1A822BE900650C13 /* homeUnsel.png */,
				844759AB1A822BE900650C13 /* homeUnsel@2x.png */,
				844759AC1A822BE900650C13 /* searchSel.png */,
				844759AD1A822BE900650C13 /* searchSel@2x.png */,
				844759AE1A822BE900650C13 /* searchUnsel.png */,
				844759AF1A822BE900650C13 /* searchUnsel@2x.png */,
				844759B01A822BE900650C13 /* userSel.png */,
				844759B11A822BE900650C13 /* userSel@2x.png */,
				844759B21A822BE900650C13 /* userUnsel.png */,
				844759B31A822BE900650C13 /* userUnsel@2x.png */,
			);
			path = Tabbar;
			sourceTree = "<group>";
		};
		844759C81A8236F600650C13 /* Home */ = {
			isa = PBXGroup;
			children = (
				8485137D1A8E02BE00B94C8D /* pause.png */,
				8485137E1A8E02BE00B94C8D /* pause@2x.png */,
				8485137F1A8E02BE00B94C8D /* play.png */,
				848513801A8E02BE00B94C8D /* play@2x.png */,
				844759D71A8237EC00650C13 /* day_clock_icon.png */,
				844759C91A8236F600650C13 /* day_clock_icon@2x.png */,
				844759CA1A8236F600650C13 /* img_big.png */,
				844759CB1A8236F600650C13 /* img_big@2x.png */,
				844759CC1A8236F600650C13 /* refresh_icon.png */,
				844759CD1A8236F600650C13 /* refresh_icon@2x.png */,
				844759CE1A8236F600650C13 /* small_thumb.png */,
				844759CF1A8236F600650C13 /* small_thumb@2x.png */,
			);
			path = Home;
			sourceTree = "<group>";
		};
		844759DD1A824F2500650C13 /* Camera */ = {
			isa = PBXGroup;
			children = (
				844759F21A82602300650C13 /* camera_icon.png */,
				844759F31A82602300650C13 /* camera_icon@2x.png */,
				844759F41A82602300650C13 /* cameraChange.png */,
				844759F51A82602300650C13 /* cameraChange@2x.png */,
				844759F61A82602300650C13 /* cross_icon.png */,
				844759F71A82602300650C13 /* cross_icon@2x.png */,
				84475A061A826A8C00650C13 /* flashOn.png */,
				84475A071A826A8C00650C13 /* flashOn@2x.png */,
				844759F81A82602300650C13 /* flashOff.png */,
				844759F91A82602300650C13 /* flashOff@2x.png */,
				844759FA1A82602300650C13 /* photo_icon.png */,
				844759FB1A82602300650C13 /* photo_icon@2x.png */,
				844759DE1A824F2500650C13 /* blue_bg_cam.png */,
				844759DF1A824F2500650C13 /* blue_bg_cam@2x.png */,
				844759E01A824F2500650C13 /* main_img.png */,
				844759E11A824F2500650C13 /* main_img@2x.png */,
				844759E21A824F2500650C13 /* movie_icon.png */,
				844759E31A824F2500650C13 /* movie_icon@2x.png */,
			);
			path = Camera;
			sourceTree = "<group>";
		};
		844821C11A7621A500CBF68A /* CommonFunctions */ = {
			isa = PBXGroup;
			children = (
				844821C21A7621D000CBF68A /* DPFunctions.h */,
				844821C31A7621D000CBF68A /* DPFunctions.m */,
			);
			name = CommonFunctions;
			sourceTree = "<group>";
		};
		844821D71A76757B00CBF68A /* Frameworks */ = {
			isa = PBXGroup;
			children = (
				844821F01A76A0DC00CBF68A /* libsqlite3.dylib */,
				844821F11A76A0DC00CBF68A /* libz.dylib */,
				844821F21A76A0DC00CBF68A /* QuartzCore.framework */,
				844821F31A76A0DC00CBF68A /* Security.framework */,
				844821F41A76A0DC00CBF68A /* StoreKit.framework */,
				844821F51A76A0DC00CBF68A /* SystemConfiguration.framework */,
				844821EE1A76A09B00CBF68A /* MobileCoreServices.framework */,
				844821EA1A76A08D00CBF68A /* CoreGraphics.framework */,
				844821EB1A76A08D00CBF68A /* CoreLocation.framework */,
				844821E81A76A07B00CBF68A /* CFNetwork.framework */,
				844821E61A76A07200CBF68A /* AudioToolbox.framework */,
				844821D81A76759800CBF68A /* Bolts.framework */,
				844821D91A76759800CBF68A /* Parse.framework */,
				844821DA1A76759800CBF68A /* ParseCrashReporting.framework */,
				844821DB1A76759800CBF68A /* ParseFacebookUtils.framework */,
				844821DC1A76759800CBF68A /* ParseUI.framework */,
			);
			name = Frameworks;
			sourceTree = "<group>";
		};
		844821FC1A76B0A200CBF68A /* GMDCircleLoader */ = {
			isa = PBXGroup;
			children = (
				844821FD1A76B0A200CBF68A /* GMDCircleLoader.h */,
				844821FE1A76B0A200CBF68A /* GMDCircleLoader.m */,
			);
			name = GMDCircleLoader;
			path = HelperClasses/GMDCircleLoader;
			sourceTree = "<group>";
		};
		845D28441A70A7D70025FC21 /* Images */ = {
			isa = PBXGroup;
			children = (
				41D1B8071AA1FD4E00AB9092 /* SplashScreen */,
				41FB7B571AA1E005007F2209 /* icons */,
				84C9C8D11A8537F300814AEB /* Post */,
				844759DD1A824F2500650C13 /* Camera */,
				844759C81A8236F600650C13 /* Home */,
				844759731A8211AF00650C13 /* Tabbar */,
				845D28451A70A7D70025FC21 /* Login */,
				845D284F1A70A7D70025FC21 /* Profile */,
				845D285D1A70A7D70025FC21 /* Signup */,
				845D286A1A70A7D70025FC21 /* splash.png */,
				84475A101A8285F900650C13 /* flower.jpg */,
				84FE34D51A8C9949003F7EF0 /* Pixel.png */,
				84FE34D61A8C9949003F7EF0 /* TransparentPixel.png */,
				845D286B1A70A7D70025FC21 /* splash@2x.png */,
				8465BE221A88AC09008A3AA7 /* placeholder.png */,
				8465BE231A88AC09008A3AA7 /* placeholder@2x.png */,
				84D737881A7759E30097B80E /* back_icon.png */,
				84D737891A7759E30097B80E /* back_icon@2x.png */,
				84C53CCD1A94C7AA000A117F /* 2minute.mov */,
				84FE34E51A8CD7C8003F7EF0 /* 1minute.mov */,
			);
			path = Images;
			sourceTree = "<group>";
		};
		845D28451A70A7D70025FC21 /* Login */ = {
			isa = PBXGroup;
			children = (
				844821E21A76821F00CBF68A /* txtFieldBack.png */,
				844821E31A76822000CBF68A /* txtFieldBack@2x.png */,
				845D28461A70A7D70025FC21 /* bottom_line.png */,
				845D28471A70A7D70025FC21 /* bottom_line@2x.png */,
				845D28481A70A7D70025FC21 /* lock_white.png */,
				845D28491A70A7D70025FC21 /* lock_white@2x.png */,
				845D284A1A70A7D70025FC21 /* logo_login.png */,
				845D284B1A70A7D70025FC21 /* logo_login@2x.png */,
				845D284C1A70A7D70025FC21 /* screen.jpg */,
				845D284D1A70A7D70025FC21 /* username.png */,
				845D284E1A70A7D70025FC21 /* username@2x.png */,
			);
			path = Login;
			sourceTree = "<group>";
		};
		845D284F1A70A7D70025FC21 /* Profile */ = {
			isa = PBXGroup;
			children = (
				840A0A411A96315A007AE009 /* crossButton.png */,
				840A0A421A96315A007AE009 /* crossButton@2x.png */,
				840A0A3D1A9623DC007AE009 /* deviceContacts.png */,
				840A0A3E1A9623DC007AE009 /* devicecontacts@2x.png */,
				840A0A451A965122007AE009 /* logout.png */,
				840A0A321A95C09D007AE009 /* logout@2x.png */,
				845D28521A70A7D70025FC21 /* friends.png */,
				845D28531A70A7D70025FC21 /* friends@2x.png */,
				845D28541A70A7D70025FC21 /* hobby.png */,
				845D28551A70A7D70025FC21 /* hobby@2x.png */,
				845D28591A70A7D70025FC21 /* school@2x.png */,
				845D285B1A70A7D70025FC21 /* work.png */,
				845D285C1A70A7D70025FC21 /* work@2x.png */,
			);
			path = Profile;
			sourceTree = "<group>";
		};
		845D285D1A70A7D70025FC21 /* Signup */ = {
			isa = PBXGroup;
			children = (
				845D285E1A70A7D70025FC21 /* blank_img.png */,
				845D285F1A70A7D70025FC21 /* blank_img@2x.png */,
				845D28601A70A7D70025FC21 /* email.png */,
				845D28611A70A7D70025FC21 /* email@2x.png */,
				845D28621A70A7D70025FC21 /* grey_line.png */,
				845D28631A70A7D70025FC21 /* grey_line@2x.png */,
				845D28641A70A7D70025FC21 /* password_grey.png */,
				845D28651A70A7D70025FC21 /* password_grey@2x.png */,
				845D28661A70A7D70025FC21 /* phone.png */,
				845D28671A70A7D70025FC21 /* phone@2x.png */,
				845D28681A70A7D70025FC21 /* user_grey.png */,
				845D28691A70A7D70025FC21 /* user_grey@2x.png */,
			);
			path = Signup;
			sourceTree = "<group>";
		};
		84C9C8D11A8537F300814AEB /* Post */ = {
			isa = PBXGroup;
			children = (
				84C9C8D21A8537F300814AEB /* captionback.png */,
				84C9C8D31A8537F300814AEB /* captionback@2x.png */,
			);
			path = Post;
			sourceTree = "<group>";
		};
		84E347FA1A6D891B00FDAF4B = {
			isa = PBXGroup;
			children = (
				84E348051A6D891C00FDAF4B /* DonkPlanet */,
				84E348221A6D891C00FDAF4B /* DonkPlanetTests */,
				844821D71A76757B00CBF68A /* Frameworks */,
				84E348041A6D891C00FDAF4B /* Products */,
			);
			sourceTree = "<group>";
		};
		84E348041A6D891C00FDAF4B /* Products */ = {
			isa = PBXGroup;
			children = (
				84E348031A6D891C00FDAF4B /* DonkPlanet.app */,
				84E3481F1A6D891C00FDAF4B /* DonkPlanetTests.xctest */,
			);
			name = Products;
			sourceTree = "<group>";
		};
		84E348051A6D891C00FDAF4B /* DonkPlanet */ = {
			isa = PBXGroup;
			children = (
				84E3484C1A6D94F800FDAF4B /* HelperClasses */,
				84E348431A6D8A8C00FDAF4B /* AppDelegate */,
				841409851A9F288F00105103 /* ViewsAndCells */,
				8414095D1A9F27DC00105103 /* ViewControllers */,
				84E348131A6D891C00FDAF4B /* Main.storyboard */,
				84E348161A6D891C00FDAF4B /* Images.xcassets */,
				84E348181A6D891C00FDAF4B /* LaunchScreen.xib */,
				84E348061A6D891C00FDAF4B /* Supporting Files */,
			);
			path = DonkPlanet;
			sourceTree = "<group>";
		};
		84E348061A6D891C00FDAF4B /* Supporting Files */ = {
			isa = PBXGroup;
			children = (
				844821CB1A76307800CBF68A /* DonkPlanetPCH.pch */,
				845D28441A70A7D70025FC21 /* Images */,
				84E348071A6D891C00FDAF4B /* Info.plist */,
				84E348081A6D891C00FDAF4B /* main.m */,
			);
			name = "Supporting Files";
			sourceTree = "<group>";
		};
		84E348221A6D891C00FDAF4B /* DonkPlanetTests */ = {
			isa = PBXGroup;
			children = (
				84E348251A6D891C00FDAF4B /* DonkPlanetTests.m */,
				84E348231A6D891C00FDAF4B /* Supporting Files */,
			);
			path = DonkPlanetTests;
			sourceTree = "<group>";
		};
		84E348231A6D891C00FDAF4B /* Supporting Files */ = {
			isa = PBXGroup;
			children = (
				84E348241A6D891C00FDAF4B /* Info.plist */,
			);
			name = "Supporting Files";
			sourceTree = "<group>";
		};
		84E348431A6D8A8C00FDAF4B /* AppDelegate */ = {
			isa = PBXGroup;
			children = (
				84E3480A1A6D891C00FDAF4B /* AppDelegate.h */,
				84E3480B1A6D891C00FDAF4B /* AppDelegate.m */,
			);
			name = AppDelegate;
			sourceTree = "<group>";
		};
		84E3484C1A6D94F800FDAF4B /* HelperClasses */ = {
			isa = PBXGroup;
			children = (
				841409AA1A9F28C500105103 /* DPTabbarController */,
				841409AD1A9F28C500105103 /* DPTextField */,
				841409B01A9F28C500105103 /* IAP Helper */,
				844821FC1A76B0A200CBF68A /* GMDCircleLoader */,
				84E3484D1A6D950200FDAF4B /* Constants */,
				844821C11A7621A500CBF68A /* CommonFunctions */,
			);
			name = HelperClasses;
			sourceTree = "<group>";
		};
		84E3484D1A6D950200FDAF4B /* Constants */ = {
			isa = PBXGroup;
			children = (
				84E3484F1A6D953A00FDAF4B /* Constants.h */,
				84E348501A6D953A00FDAF4B /* Constants.m */,
			);
			name = Constants;
			sourceTree = "<group>";
		};
/* End PBXGroup section */

/* Begin PBXNativeTarget section */
		84E348021A6D891C00FDAF4B /* DonkPlanet */ = {
			isa = PBXNativeTarget;
			buildConfigurationList = 84E348291A6D891C00FDAF4B /* Build configuration list for PBXNativeTarget "DonkPlanet" */;
			buildPhases = (
				84E347FF1A6D891C00FDAF4B /* Sources */,
				84E348001A6D891C00FDAF4B /* Frameworks */,
				84E348011A6D891C00FDAF4B /* Resources */,
			);
			buildRules = (
			);
			dependencies = (
			);
			name = DonkPlanet;
			productName = DonkPlanet;
			productReference = 84E348031A6D891C00FDAF4B /* DonkPlanet.app */;
			productType = "com.apple.product-type.application";
		};
		84E3481E1A6D891C00FDAF4B /* DonkPlanetTests */ = {
			isa = PBXNativeTarget;
			buildConfigurationList = 84E3482C1A6D891C00FDAF4B /* Build configuration list for PBXNativeTarget "DonkPlanetTests" */;
			buildPhases = (
				84E3481B1A6D891C00FDAF4B /* Sources */,
				84E3481C1A6D891C00FDAF4B /* Frameworks */,
				84E3481D1A6D891C00FDAF4B /* Resources */,
			);
			buildRules = (
			);
			dependencies = (
				84E348211A6D891C00FDAF4B /* PBXTargetDependency */,
			);
			name = DonkPlanetTests;
			productName = DonkPlanetTests;
			productReference = 84E3481F1A6D891C00FDAF4B /* DonkPlanetTests.xctest */;
			productType = "com.apple.product-type.bundle.unit-test";
		};
/* End PBXNativeTarget section */

/* Begin PBXProject section */
		84E347FB1A6D891B00FDAF4B /* Project object */ = {
			isa = PBXProject;
			attributes = {
				LastUpgradeCheck = 0600;
				ORGANIZATIONNAME = Channi;
				TargetAttributes = {
					84E348021A6D891C00FDAF4B = {
						CreatedOnToolsVersion = 6.0.1;
					};
					84E3481E1A6D891C00FDAF4B = {
						CreatedOnToolsVersion = 6.0.1;
						TestTargetID = 84E348021A6D891C00FDAF4B;
					};
				};
			};
			buildConfigurationList = 84E347FE1A6D891B00FDAF4B /* Build configuration list for PBXProject "DonkPlanet" */;
			compatibilityVersion = "Xcode 3.2";
			developmentRegion = English;
			hasScannedForEncodings = 0;
			knownRegions = (
				en,
				Base,
			);
			mainGroup = 84E347FA1A6D891B00FDAF4B;
			productRefGroup = 84E348041A6D891C00FDAF4B /* Products */;
			projectDirPath = "";
			projectRoot = "";
			targets = (
				84E348021A6D891C00FDAF4B /* DonkPlanet */,
				84E3481E1A6D891C00FDAF4B /* DonkPlanetTests */,
			);
		};
/* End PBXProject section */

/* Begin PBXResourcesBuildPhase section */
		84E348011A6D891C00FDAF4B /* Resources */ = {
			isa = PBXResourcesBuildPhase;
			buildActionMask = 2147483647;
			files = (
				41FB7B651AA1E005007F2209 /* icon_144.png in Resources */,
				84E348151A6D891C00FDAF4B /* Main.storyboard in Resources */,
				841409A31A9F288F00105103 /* InfoCell.xib in Resources */,
				845D288F1A70A7D70025FC21 /* splash@2x.png in Resources */,
				845D28721A70A7D70025FC21 /* screen.jpg in Resources */,
				84D7378B1A7759E30097B80E /* back_icon@2x.png in Resources */,
				840A0A341A95C09D007AE009 /* logout@2x.png in Resources */,
				84FE34E61A8CD7C8003F7EF0 /* 1minute.mov in Resources */,
				41D1B80D1AA1FE2B00AB9092 /* splash 2208.png in Resources */,
				841409A11A9F288F00105103 /* HomeCell.xib in Resources */,
				844759BE1A822BE900650C13 /* homeUnsel.png in Resources */,
				845D28821A70A7D70025FC21 /* blank_img.png in Resources */,
				840A0A3F1A9623DC007AE009 /* deviceContacts.png in Resources */,
				844759BB1A822BE900650C13 /* heartUnsel@2x.png in Resources */,
				845D28861A70A7D70025FC21 /* grey_line.png in Resources */,
				41FB7B621AA1E005007F2209 /* icon_100.png in Resources */,
				844759C11A822BE900650C13 /* searchSel@2x.png in Resources */,
				845D28891A70A7D70025FC21 /* password_grey@2x.png in Resources */,
				84C53CCE1A94C7AA000A117F /* 2minute.mov in Resources */,
				840A0A431A96315A007AE009 /* crossButton.png in Resources */,
				84FE34D71A8C9949003F7EF0 /* Pixel.png in Resources */,
				845D28811A70A7D70025FC21 /* work@2x.png in Resources */,
				844821E41A76822000CBF68A /* txtFieldBack.png in Resources */,
				844759B91A822BE900650C13 /* heartSel@2x.png in Resources */,
				84E3481A1A6D891C00FDAF4B /* LaunchScreen.xib in Resources */,
				845D287E1A70A7D70025FC21 /* school@2x.png in Resources */,
				841409A91A9F288F00105103 /* UsersView.xib in Resources */,
				844759C21A822BE900650C13 /* searchUnsel.png in Resources */,
				8465BE241A88AC09008A3AA7 /* placeholder.png in Resources */,
				848513841A8E02BE00B94C8D /* play@2x.png in Resources */,
				844759B41A822BE900650C13 /* cameraSel.png in Resources */,
				848513831A8E02BE00B94C8D /* play.png in Resources */,
				845D28781A70A7D70025FC21 /* friends@2x.png in Resources */,
				844759C61A822BE900650C13 /* userUnsel.png in Resources */,
				845D28701A70A7D70025FC21 /* logo_login.png in Resources */,
				41D1B80B1AA1FDFA00AB9092 /* splash 1136.png in Resources */,
				844759B61A822BE900650C13 /* cameraUnsel.png in Resources */,
				844821E51A76822000CBF68A /* txtFieldBack@2x.png in Resources */,
				845D28711A70A7D70025FC21 /* logo_login@2x.png in Resources */,
				41FB7B6F1AA1E19B007F2209 /* icon_87.png in Resources */,
				848513821A8E02BE00B94C8D /* pause@2x.png in Resources */,
				844759C71A822BE900650C13 /* userUnsel@2x.png in Resources */,
				41FB7B691AA1E005007F2209 /* icon_58.png in Resources */,
				844759E61A824F2500650C13 /* main_img.png in Resources */,
				845D288C1A70A7D70025FC21 /* user_grey.png in Resources */,
				844759E71A824F2500650C13 /* main_img@2x.png in Resources */,
				845D28881A70A7D70025FC21 /* password_grey.png in Resources */,
				845D286F1A70A7D70025FC21 /* lock_white@2x.png in Resources */,
				845D286E1A70A7D70025FC21 /* lock_white.png in Resources */,
				845D288A1A70A7D70025FC21 /* phone.png in Resources */,
				844759FE1A82602300650C13 /* cameraChange.png in Resources */,
				845D28831A70A7D70025FC21 /* blank_img@2x.png in Resources */,
				84475A091A826A8C00650C13 /* flashOn@2x.png in Resources */,
				844759D61A8236F600650C13 /* small_thumb@2x.png in Resources */,
				8414099F1A9F288F00105103 /* CollectionPosts.xib in Resources */,
				84475A011A82602300650C13 /* cross_icon@2x.png in Resources */,
				84475A001A82602300650C13 /* cross_icon.png in Resources */,
				844759BF1A822BE900650C13 /* homeUnsel@2x.png in Resources */,
				844759FF1A82602300650C13 /* cameraChange@2x.png in Resources */,
				84475A041A82602300650C13 /* photo_icon.png in Resources */,
				41D1B80F1AA1FE6600AB9092 /* splash 1334.png in Resources */,
				845D28851A70A7D70025FC21 /* email@2x.png in Resources */,
				844759E41A824F2500650C13 /* blue_bg_cam.png in Resources */,
				844759BA1A822BE900650C13 /* heartUnsel.png in Resources */,
				84475A031A82602300650C13 /* flashOff@2x.png in Resources */,
				845D28791A70A7D70025FC21 /* hobby.png in Resources */,
				84C9C8D41A8537F300814AEB /* captionback.png in Resources */,
				41FB7B631AA1E005007F2209 /* icon_114.png in Resources */,
				84FE34D81A8C9949003F7EF0 /* TransparentPixel.png in Resources */,
				41FB7B661AA1E005007F2209 /* icon_29.png in Resources */,
				844759E91A824F2500650C13 /* movie_icon@2x.png in Resources */,
				844759C51A822BE900650C13 /* userSel@2x.png in Resources */,
				84475A081A826A8C00650C13 /* flashOn.png in Resources */,
				845D28801A70A7D70025FC21 /* work.png in Resources */,
				848513811A8E02BE00B94C8D /* pause.png in Resources */,
				844759FD1A82602300650C13 /* camera_icon@2x.png in Resources */,
				845D286D1A70A7D70025FC21 /* bottom_line@2x.png in Resources */,
				841409A51A9F288F00105103 /* SearchCollectionCell.xib in Resources */,
				844759C31A822BE900650C13 /* searchUnsel@2x.png in Resources */,
				845D28741A70A7D70025FC21 /* username@2x.png in Resources */,
				844759D31A8236F600650C13 /* refresh_icon.png in Resources */,
				41FB7B671AA1E005007F2209 /* icon_40.png in Resources */,
				840A0A461A965122007AE009 /* logout.png in Resources */,
				41FB7B6A1AA1E005007F2209 /* icon_72.png in Resources */,
				844759C01A822BE900650C13 /* searchSel.png in Resources */,
				41FB7B641AA1E005007F2209 /* icon_120.png in Resources */,
				41D1B8111AA1FE9000AB9092 /* splash 480.png in Resources */,
				844759C41A822BE900650C13 /* userSel.png in Resources */,
				844759D01A8236F600650C13 /* day_clock_icon@2x.png in Resources */,
				841409A71A9F288F00105103 /* UserCell.xib in Resources */,
				84D7378A1A7759E30097B80E /* back_icon.png in Resources */,
				845D28871A70A7D70025FC21 /* grey_line@2x.png in Resources */,
				845D28841A70A7D70025FC21 /* email.png in Resources */,
				84475A021A82602300650C13 /* flashOff.png in Resources */,
				844759FC1A82602300650C13 /* camera_icon.png in Resources */,
				41FB7B6D1AA1E11E007F2209 /* icon_180.png in Resources */,
				845D288B1A70A7D70025FC21 /* phone@2x.png in Resources */,
				844759D41A8236F600650C13 /* refresh_icon@2x.png in Resources */,
				845D287A1A70A7D70025FC21 /* hobby@2x.png in Resources */,
				845D288D1A70A7D70025FC21 /* user_grey@2x.png in Resources */,
				84C9C8D51A8537F300814AEB /* captionback@2x.png in Resources */,
				41D1B8091AA1FDA900AB9092 /* splash 960.png in Resources */,
				844759BD1A822BE900650C13 /* homeSel@2x.png in Resources */,
				845D28731A70A7D70025FC21 /* username.png in Resources */,
				84475A051A82602300650C13 /* photo_icon@2x.png in Resources */,
				41FB7B6B1AA1E005007F2209 /* icon_80.png in Resources */,
				844759E51A824F2500650C13 /* blue_bg_cam@2x.png in Resources */,
				844759E81A824F2500650C13 /* movie_icon.png in Resources */,
				844759B81A822BE900650C13 /* heartSel.png in Resources */,
				84475A111A8285FA00650C13 /* flower.jpg in Resources */,
				844759B71A822BE900650C13 /* cameraUnsel@2x.png in Resources */,
				844759D11A8236F600650C13 /* img_big.png in Resources */,
				844759D51A8236F600650C13 /* small_thumb.png in Resources */,
				840A0A441A96315A007AE009 /* crossButton@2x.png in Resources */,
				844759D21A8236F600650C13 /* img_big@2x.png in Resources */,
				844759D81A8237EC00650C13 /* day_clock_icon.png in Resources */,
				845D286C1A70A7D70025FC21 /* bottom_line.png in Resources */,
				845D28771A70A7D70025FC21 /* friends.png in Resources */,
				41FB7B681AA1E005007F2209 /* icon_57.png in Resources */,
				84E348171A6D891C00FDAF4B /* Images.xcassets in Resources */,
				8465BE251A88AC09008A3AA7 /* placeholder@2x.png in Resources */,
				844759B51A822BE900650C13 /* cameraSel@2x.png in Resources */,
				840A0A401A9623DC007AE009 /* devicecontacts@2x.png in Resources */,
				845D288E1A70A7D70025FC21 /* splash.png in Resources */,
				844759BC1A822BE900650C13 /* homeSel.png in Resources */,
			);
			runOnlyForDeploymentPostprocessing = 0;
		};
		84E3481D1A6D891C00FDAF4B /* Resources */ = {
			isa = PBXResourcesBuildPhase;
			buildActionMask = 2147483647;
			files = (
			);
			runOnlyForDeploymentPostprocessing = 0;
		};
/* End PBXResourcesBuildPhase section */

/* Begin PBXSourcesBuildPhase section */
		84E347FF1A6D891C00FDAF4B /* Sources */ = {
			isa = PBXSourcesBuildPhase;
			buildActionMask = 2147483647;
			files = (
				8414099E1A9F288F00105103 /* CollectionPosts.m in Sources */,
				8414097E1A9F280400105103 /* HomeViewController.m in Sources */,
				841409811A9F280400105103 /* PostViewController.m in Sources */,
				841409B51A9F28C500105103 /* DPTabbarController.m in Sources */,
				841409A81A9F288F00105103 /* UsersView.m in Sources */,
				841409A61A9F288F00105103 /* UserCell.m in Sources */,
				8414097D1A9F280400105103 /* ExtendedNavBarView.m in Sources */,
				841409801A9F280400105103 /* NewsViewController.m in Sources */,
				84E3480C1A6D891C00FDAF4B /* AppDelegate.m in Sources */,
				8414097C1A9F280400105103 /* CaptureViewController.m in Sources */,
				841409821A9F280400105103 /* ProfileViewController.m in Sources */,
				841409A41A9F288F00105103 /* SearchCollectionCell.m in Sources */,
				841409A21A9F288F00105103 /* InfoCell.m in Sources */,
				841409831A9F280400105103 /* SearchViewController.m in Sources */,
				841409B81A9F28C500105103 /* RageIAPHelper.m in Sources */,
				841409A01A9F288F00105103 /* HomeCell.m in Sources */,
				8414097F1A9F280400105103 /* LoginViewController.m in Sources */,
				841409B71A9F28C500105103 /* IAPHelper.m in Sources */,
				84E348511A6D953A00FDAF4B /* Constants.m in Sources */,
				841409B61A9F28C500105103 /* DPTextField.m in Sources */,
				8414097B1A9F280400105103 /* CameraViewController.m in Sources */,
				844821C41A7621D000CBF68A /* DPFunctions.m in Sources */,
				84E348091A6D891C00FDAF4B /* main.m in Sources */,
				841409841A9F280400105103 /* SignUpViewController.m in Sources */,
				844821FF1A76B0A200CBF68A /* GMDCircleLoader.m in Sources */,
			);
			runOnlyForDeploymentPostprocessing = 0;
		};
		84E3481B1A6D891C00FDAF4B /* Sources */ = {
			isa = PBXSourcesBuildPhase;
			buildActionMask = 2147483647;
			files = (
				84E348261A6D891C00FDAF4B /* DonkPlanetTests.m in Sources */,
			);
			runOnlyForDeploymentPostprocessing = 0;
		};
/* End PBXSourcesBuildPhase section */

/* Begin PBXTargetDependency section */
		84E348211A6D891C00FDAF4B /* PBXTargetDependency */ = {
			isa = PBXTargetDependency;
			target = 84E348021A6D891C00FDAF4B /* DonkPlanet */;
			targetProxy = 84E348201A6D891C00FDAF4B /* PBXContainerItemProxy */;
		};
/* End PBXTargetDependency section */

/* Begin PBXVariantGroup section */
		84E348131A6D891C00FDAF4B /* Main.storyboard */ = {
			isa = PBXVariantGroup;
			children = (
				84E348141A6D891C00FDAF4B /* Base */,
			);
			name = Main.storyboard;
			sourceTree = "<group>";
		};
		84E348181A6D891C00FDAF4B /* LaunchScreen.xib */ = {
			isa = PBXVariantGroup;
			children = (
				84E348191A6D891C00FDAF4B /* Base */,
			);
			name = LaunchScreen.xib;
			sourceTree = "<group>";
		};
/* End PBXVariantGroup section */

/* Begin XCBuildConfiguration section */
		84E348271A6D891C00FDAF4B /* Debug */ = {
			isa = XCBuildConfiguration;
			buildSettings = {
				ALWAYS_SEARCH_USER_PATHS = NO;
				CLANG_CXX_LANGUAGE_STANDARD = "gnu++0x";
				CLANG_CXX_LIBRARY = "libc++";
				CLANG_ENABLE_MODULES = YES;
				CLANG_ENABLE_OBJC_ARC = YES;
				CLANG_WARN_BOOL_CONVERSION = YES;
				CLANG_WARN_CONSTANT_CONVERSION = YES;
				CLANG_WARN_DIRECT_OBJC_ISA_USAGE = YES_ERROR;
				CLANG_WARN_EMPTY_BODY = YES;
				CLANG_WARN_ENUM_CONVERSION = YES;
				CLANG_WARN_INT_CONVERSION = YES;
				CLANG_WARN_OBJC_ROOT_CLASS = YES_ERROR;
				CLANG_WARN_UNREACHABLE_CODE = YES;
				CLANG_WARN__DUPLICATE_METHOD_MATCH = YES;
				CODE_SIGN_IDENTITY = "iPhone Distribution: Harry Similien (XB2A857555)";
				"CODE_SIGN_IDENTITY[sdk=iphoneos*]" = "iPhone Distribution: Harry Similien (XB2A857555)";
				COPY_PHASE_STRIP = NO;
				ENABLE_STRICT_OBJC_MSGSEND = YES;
				GCC_C_LANGUAGE_STANDARD = gnu99;
				GCC_DYNAMIC_NO_PIC = NO;
				GCC_OPTIMIZATION_LEVEL = 0;
				GCC_PREPROCESSOR_DEFINITIONS = (
					"DEBUG=1",
					"$(inherited)",
				);
				GCC_SYMBOLS_PRIVATE_EXTERN = NO;
				GCC_WARN_64_TO_32_BIT_CONVERSION = YES;
				GCC_WARN_ABOUT_RETURN_TYPE = YES_ERROR;
				GCC_WARN_UNDECLARED_SELECTOR = YES;
				GCC_WARN_UNINITIALIZED_AUTOS = YES_AGGRESSIVE;
				GCC_WARN_UNUSED_FUNCTION = YES;
				GCC_WARN_UNUSED_VARIABLE = YES;
				IPHONEOS_DEPLOYMENT_TARGET = 7.0;
				MTL_ENABLE_DEBUG_INFO = YES;
				ONLY_ACTIVE_ARCH = YES;
				PRODUCT_NAME = "Donk Planet";
				PROVISIONING_PROFILE = "03503366-c8cf-438d-9894-61a771ba7e8e";
				SDKROOT = iphoneos;
			};
			name = Debug;
		};
		84E348281A6D891C00FDAF4B /* Release */ = {
			isa = XCBuildConfiguration;
			buildSettings = {
				ALWAYS_SEARCH_USER_PATHS = NO;
				CLANG_CXX_LANGUAGE_STANDARD = "gnu++0x";
				CLANG_CXX_LIBRARY = "libc++";
				CLANG_ENABLE_MODULES = YES;
				CLANG_ENABLE_OBJC_ARC = YES;
				CLANG_WARN_BOOL_CONVERSION = YES;
				CLANG_WARN_CONSTANT_CONVERSION = YES;
				CLANG_WARN_DIRECT_OBJC_ISA_USAGE = YES_ERROR;
				CLANG_WARN_EMPTY_BODY = YES;
				CLANG_WARN_ENUM_CONVERSION = YES;
				CLANG_WARN_INT_CONVERSION = YES;
				CLANG_WARN_OBJC_ROOT_CLASS = YES_ERROR;
				CLANG_WARN_UNREACHABLE_CODE = YES;
				CLANG_WARN__DUPLICATE_METHOD_MATCH = YES;
				CODE_SIGN_IDENTITY = "iPhone Distribution: Harry Similien (XB2A857555)";
				"CODE_SIGN_IDENTITY[sdk=iphoneos*]" = "iPhone Distribution: Harry Similien (XB2A857555)";
				COPY_PHASE_STRIP = YES;
				ENABLE_NS_ASSERTIONS = NO;
				ENABLE_STRICT_OBJC_MSGSEND = YES;
				GCC_C_LANGUAGE_STANDARD = gnu99;
				GCC_WARN_64_TO_32_BIT_CONVERSION = YES;
				GCC_WARN_ABOUT_RETURN_TYPE = YES_ERROR;
				GCC_WARN_UNDECLARED_SELECTOR = YES;
				GCC_WARN_UNINITIALIZED_AUTOS = YES_AGGRESSIVE;
				GCC_WARN_UNUSED_FUNCTION = YES;
				GCC_WARN_UNUSED_VARIABLE = YES;
				IPHONEOS_DEPLOYMENT_TARGET = 7.0;
				MTL_ENABLE_DEBUG_INFO = NO;
				PRODUCT_NAME = "Donk Planet";
				PROVISIONING_PROFILE = "03503366-c8cf-438d-9894-61a771ba7e8e";
				SDKROOT = iphoneos;
				VALIDATE_PRODUCT = YES;
			};
			name = Release;
		};
		84E3482A1A6D891C00FDAF4B /* Debug */ = {
			isa = XCBuildConfiguration;
			buildSettings = {
				ASSETCATALOG_COMPILER_APPICON_NAME = AppIcon;
				ASSETCATALOG_COMPILER_LAUNCHIMAGE_NAME = LaunchImage;
				CODE_SIGN_IDENTITY = "iPhone Distribution: Harry Similien (XB2A857555)";
				FRAMEWORK_SEARCH_PATHS = (
					"$(inherited)",
					"$(PROJECT_DIR)/ParseLibrary",
				);
				GCC_PRECOMPILE_PREFIX_HEADER = NO;
				GCC_PREFIX_HEADER = "$(SRCROOT)/DonkPlanet/DonkPlanetPCH.pch";
				INFOPLIST_FILE = DonkPlanet/Info.plist;
				IPHONEOS_DEPLOYMENT_TARGET = 7.0;
				LD_RUNPATH_SEARCH_PATHS = "$(inherited) @executable_path/Frameworks";
				PRODUCT_NAME = "$(TARGET_NAME)";
				PROVISIONING_PROFILE = "03503366-c8cf-438d-9894-61a771ba7e8e";
			};
			name = Debug;
		};
		84E3482B1A6D891C00FDAF4B /* Release */ = {
			isa = XCBuildConfiguration;
			buildSettings = {
				ASSETCATALOG_COMPILER_APPICON_NAME = AppIcon;
				ASSETCATALOG_COMPILER_LAUNCHIMAGE_NAME = LaunchImage;
				CODE_SIGN_IDENTITY = "iPhone Distribution: Harry Similien (XB2A857555)";
				FRAMEWORK_SEARCH_PATHS = (
					"$(inherited)",
					"$(PROJECT_DIR)/ParseLibrary",
				);
				GCC_PRECOMPILE_PREFIX_HEADER = NO;
				GCC_PREFIX_HEADER = "$(SRCROOT)/DonkPlanet/DonkPlanetPCH.pch";
				INFOPLIST_FILE = DonkPlanet/Info.plist;
				IPHONEOS_DEPLOYMENT_TARGET = 7.0;
				LD_RUNPATH_SEARCH_PATHS = "$(inherited) @executable_path/Frameworks";
				PRODUCT_NAME = "$(TARGET_NAME)";
				PROVISIONING_PROFILE = "03503366-c8cf-438d-9894-61a771ba7e8e";
			};
			name = Release;
		};
		84E3482D1A6D891C00FDAF4B /* Debug */ = {
			isa = XCBuildConfiguration;
			buildSettings = {
				BUNDLE_LOADER = "$(TEST_HOST)";
				FRAMEWORK_SEARCH_PATHS = (
					"$(SDKROOT)/Developer/Library/Frameworks",
					"$(inherited)",
				);
				GCC_PREPROCESSOR_DEFINITIONS = (
					"DEBUG=1",
					"$(inherited)",
				);
				INFOPLIST_FILE = DonkPlanetTests/Info.plist;
				LD_RUNPATH_SEARCH_PATHS = "$(inherited) @executable_path/Frameworks @loader_path/Frameworks";
				PRODUCT_NAME = "$(TARGET_NAME)";
				TEST_HOST = "$(BUILT_PRODUCTS_DIR)/DonkPlanet.app/DonkPlanet";
			};
			name = Debug;
		};
		84E3482E1A6D891C00FDAF4B /* Release */ = {
			isa = XCBuildConfiguration;
			buildSettings = {
				BUNDLE_LOADER = "$(TEST_HOST)";
				FRAMEWORK_SEARCH_PATHS = (
					"$(SDKROOT)/Developer/Library/Frameworks",
					"$(inherited)",
				);
				INFOPLIST_FILE = DonkPlanetTests/Info.plist;
				LD_RUNPATH_SEARCH_PATHS = "$(inherited) @executable_path/Frameworks @loader_path/Frameworks";
				PRODUCT_NAME = "$(TARGET_NAME)";
				TEST_HOST = "$(BUILT_PRODUCTS_DIR)/DonkPlanet.app/DonkPlanet";
			};
			name = Release;
		};
/* End XCBuildConfiguration section */

/* Begin XCConfigurationList section */
		84E347FE1A6D891B00FDAF4B /* Build configuration list for PBXProject "DonkPlanet" */ = {
			isa = XCConfigurationList;
			buildConfigurations = (
				84E348271A6D891C00FDAF4B /* Debug */,
				84E348281A6D891C00FDAF4B /* Release */,
			);
			defaultConfigurationIsVisible = 0;
			defaultConfigurationName = Release;
		};
		84E348291A6D891C00FDAF4B /* Build configuration list for PBXNativeTarget "DonkPlanet" */ = {
			isa = XCConfigurationList;
			buildConfigurations = (
				84E3482A1A6D891C00FDAF4B /* Debug */,
				84E3482B1A6D891C00FDAF4B /* Release */,
			);
			defaultConfigurationIsVisible = 0;
			defaultConfigurationName = Release;
		};
		84E3482C1A6D891C00FDAF4B /* Build configuration list for PBXNativeTarget "DonkPlanetTests" */ = {
			isa = XCConfigurationList;
			buildConfigurations = (
				84E3482D1A6D891C00FDAF4B /* Debug */,
				84E3482E1A6D891C00FDAF4B /* Release */,
			);
			defaultConfigurationIsVisible = 0;
			defaultConfigurationName = Release;
		};
/* End XCConfigurationList section */
	};
	rootObject = 84E347FB1A6D891B00FDAF4B /* Project object */;
}
